
Microsoft Visual Studio Solution File, Format Version 12.00
# Visual Studio Version 17
VisualStudioVersion = 17.0.31903.59
MinimumVisualStudioVersion = 10.0.40219.1
Project("{9A19103F-16F7-4668-BE54-9A1E7A4F7556}") = "Dhadgar.Agent.Core", "src\Agents\Dhadgar.Agent.Core\Dhadgar.Agent.Core.csproj", "{F6E70CFE-9798-4E90-92B1-A6C3F4ECFD16}"
EndProject
Project("{9A19103F-16F7-4668-BE54-9A1E7A4F7556}") = "Dhadgar.Agent.Linux", "src\Agents\Dhadgar.Agent.Linux\Dhadgar.Agent.Linux.csproj", "{6D26A4A6-24FF-43C3-978A-973A5330B7C9}"
EndProject
Project("{9A19103F-16F7-4668-BE54-9A1E7A4F7556}") = "Dhadgar.Agent.Windows", "src\Agents\Dhadgar.Agent.Windows\Dhadgar.Agent.Windows.csproj", "{1795AE0F-5AA9-4567-9CFB-61EB5AB86401}"
EndProject
Project("{9A19103F-16F7-4668-BE54-9A1E7A4F7556}") = "Dhadgar.Billing", "src\Dhadgar.Billing\Dhadgar.Billing.csproj", "{6DFAB25F-DA36-4B59-B944-7140880AEEAF}"
EndProject
Project("{9A19103F-16F7-4668-BE54-9A1E7A4F7556}") = "Dhadgar.BetterAuth", "src\Dhadgar.BetterAuth\Dhadgar.BetterAuth.csproj", "{A37C217B-A63B-4587-8039-E7E753F4755E}"
EndProject
Project("{9A19103F-16F7-4668-BE54-9A1E7A4F7556}") = "Dhadgar.Cli", "src\Dhadgar.Cli\Dhadgar.Cli.csproj", "{43E0505A-0B81-44DA-B5B6-BB98DF4CB7F5}"
EndProject
Project("{9A19103F-16F7-4668-BE54-9A1E7A4F7556}") = "Dhadgar.Console", "src\Dhadgar.Console\Dhadgar.Console.csproj", "{CB174484-640D-4ADF-82FE-50A2EBEE52B5}"
EndProject
Project("{9A19103F-16F7-4668-BE54-9A1E7A4F7556}") = "Dhadgar.Discord", "src\Dhadgar.Discord\Dhadgar.Discord.csproj", "{167568CC-BC62-468D-A079-317B91678D25}"
EndProject
Project("{9A19103F-16F7-4668-BE54-9A1E7A4F7556}") = "Dhadgar.Files", "src\Dhadgar.Files\Dhadgar.Files.csproj", "{565D8A1E-1C24-4662-BA24-433B522FD4B8}"
EndProject
Project("{9A19103F-16F7-4668-BE54-9A1E7A4F7556}") = "Dhadgar.Gateway", "src\Dhadgar.Gateway\Dhadgar.Gateway.csproj", "{E6998FE2-72F3-44EA-AFEB-41263F085683}"
EndProject
Project("{9A19103F-16F7-4668-BE54-9A1E7A4F7556}") = "Dhadgar.Identity", "src\Dhadgar.Identity\Dhadgar.Identity.csproj", "{F28FBFB5-CA94-467E-97B1-E2F8246975A2}"
EndProject
Project("{9A19103F-16F7-4668-BE54-9A1E7A4F7556}") = "Dhadgar.Mods", "src\Dhadgar.Mods\Dhadgar.Mods.csproj", "{2B33FBD6-A4C2-4376-9BD3-F75807E4721B}"
EndProject
Project("{9A19103F-16F7-4668-BE54-9A1E7A4F7556}") = "Dhadgar.Nodes", "src\Dhadgar.Nodes\Dhadgar.Nodes.csproj", "{0C91C839-0800-4CD4-BE50-2A187671E8DD}"
EndProject
Project("{9A19103F-16F7-4668-BE54-9A1E7A4F7556}") = "Dhadgar.Notifications", "src\Dhadgar.Notifications\Dhadgar.Notifications.csproj", "{6B3C2100-9481-41D4-80A0-615474C2C779}"
EndProject
Project("{9A19103F-16F7-4668-BE54-9A1E7A4F7556}") = "Dhadgar.Scope", "src\Dhadgar.Scope\Dhadgar.Scope.csproj", "{B0946428-9312-4F32-A9A7-641CC839836B}"
EndProject
Project("{9A19103F-16F7-4668-BE54-9A1E7A4F7556}") = "Dhadgar.ShoppingCart", "src\Dhadgar.ShoppingCart\Dhadgar.ShoppingCart.csproj", "{69DF3C3C-6AA1-47D7-A505-B23895E00DCB}"
EndProject
Project("{9A19103F-16F7-4668-BE54-9A1E7A4F7556}") = "Dhadgar.Secrets", "src\Dhadgar.Secrets\Dhadgar.Secrets.csproj", "{62D6997D-BA4D-4DCA-9221-B1557DF0A074}"
EndProject
Project("{9A19103F-16F7-4668-BE54-9A1E7A4F7556}") = "Dhadgar.Servers", "src\Dhadgar.Servers\Dhadgar.Servers.csproj", "{A436500F-B433-45E3-8DCC-CD76C74517F8}"
EndProject
Project("{9A19103F-16F7-4668-BE54-9A1E7A4F7556}") = "Dhadgar.Tasks", "src\Dhadgar.Tasks\Dhadgar.Tasks.csproj", "{79D786C0-271F-42FD-9A5C-EE122DA07799}"
EndProject
Project("{9A19103F-16F7-4668-BE54-9A1E7A4F7556}") = "Dhadgar.Panel", "src\Dhadgar.Panel\Dhadgar.Panel.csproj", "{CCE985E6-C8C6-4397-B61B-630930025349}"
EndProject
Project("{9A19103F-16F7-4668-BE54-9A1E7A4F7556}") = "Dhadgar.Contracts", "src\Shared\Dhadgar.Contracts\Dhadgar.Contracts.csproj", "{E026E646-CDC3-471B-AAAB-6054B849856D}"
EndProject
Project("{9A19103F-16F7-4668-BE54-9A1E7A4F7556}") = "Dhadgar.Messaging", "src\Shared\Dhadgar.Messaging\Dhadgar.Messaging.csproj", "{8F0B68FF-4AC9-46A8-93CD-D574D7BB0605}"
EndProject
Project("{9A19103F-16F7-4668-BE54-9A1E7A4F7556}") = "Dhadgar.ServiceDefaults", "src\Shared\Dhadgar.ServiceDefaults\Dhadgar.ServiceDefaults.csproj", "{57F0082A-9FE9-414E-AF91-65C58FBD2030}"
EndProject
Project("{9A19103F-16F7-4668-BE54-9A1E7A4F7556}") = "Dhadgar.Shared", "src\Shared\Dhadgar.Shared\Dhadgar.Shared.csproj", "{338C7A7D-3562-4A0D-A753-AE78D33B3FF6}"
EndProject
Project("{9A19103F-16F7-4668-BE54-9A1E7A4F7556}") = "Dhadgar.Agent.Core.Tests", "tests\Dhadgar.Agent.Core.Tests\Dhadgar.Agent.Core.Tests.csproj", "{90685C3C-3F4E-48CB-B63C-7323C4EC56E8}"
EndProject
Project("{9A19103F-16F7-4668-BE54-9A1E7A4F7556}") = "Dhadgar.Agent.Linux.Tests", "tests\Dhadgar.Agent.Linux.Tests\Dhadgar.Agent.Linux.Tests.csproj", "{405072E1-1E26-44F4-B3A0-61E7FF6121B0}"
EndProject
Project("{9A19103F-16F7-4668-BE54-9A1E7A4F7556}") = "Dhadgar.Agent.Windows.Tests", "tests\Dhadgar.Agent.Windows.Tests\Dhadgar.Agent.Windows.Tests.csproj", "{C524FCDA-9674-4ECC-8D84-39A22FCF2762}"
EndProject
Project("{9A19103F-16F7-4668-BE54-9A1E7A4F7556}") = "Dhadgar.Billing.Tests", "tests\Dhadgar.Billing.Tests\Dhadgar.Billing.Tests.csproj", "{9F4D0984-891B-4190-8B3F-D7D88AE86E85}"
EndProject
Project("{9A19103F-16F7-4668-BE54-9A1E7A4F7556}") = "Dhadgar.Cli.Tests", "tests\Dhadgar.Cli.Tests\Dhadgar.Cli.Tests.csproj", "{CF221F01-DE40-4CDD-909A-9DC5DF690699}"
EndProject
Project("{9A19103F-16F7-4668-BE54-9A1E7A4F7556}") = "Dhadgar.Console.Tests", "tests\Dhadgar.Console.Tests\Dhadgar.Console.Tests.csproj", "{6A819EE2-1D12-4B71-BB15-CC4702DC6810}"
EndProject
Project("{9A19103F-16F7-4668-BE54-9A1E7A4F7556}") = "Dhadgar.Contracts.Tests", "tests\Dhadgar.Contracts.Tests\Dhadgar.Contracts.Tests.csproj", "{2BABA73D-DFB3-4552-BEB2-FC4C0ADF13E7}"
EndProject
Project("{9A19103F-16F7-4668-BE54-9A1E7A4F7556}") = "Dhadgar.Discord.Tests", "tests\Dhadgar.Discord.Tests\Dhadgar.Discord.Tests.csproj", "{A888E5E4-032F-453B-A7BD-D9FAF95DA7CD}"
EndProject
Project("{9A19103F-16F7-4668-BE54-9A1E7A4F7556}") = "Dhadgar.Files.Tests", "tests\Dhadgar.Files.Tests\Dhadgar.Files.Tests.csproj", "{099A339E-AF5B-474C-9E74-4611678EC60E}"
EndProject
Project("{9A19103F-16F7-4668-BE54-9A1E7A4F7556}") = "Dhadgar.Gateway.Tests", "tests\Dhadgar.Gateway.Tests\Dhadgar.Gateway.Tests.csproj", "{F4A30897-BEFD-45CD-AC6A-FD7FCBD2455D}"
EndProject
Project("{9A19103F-16F7-4668-BE54-9A1E7A4F7556}") = "Dhadgar.Identity.Tests", "tests\Dhadgar.Identity.Tests\Dhadgar.Identity.Tests.csproj", "{4015F864-2ADD-42F7-A399-25CF7DC2A15B}"
EndProject
Project("{9A19103F-16F7-4668-BE54-9A1E7A4F7556}") = "Dhadgar.Messaging.Tests", "tests\Dhadgar.Messaging.Tests\Dhadgar.Messaging.Tests.csproj", "{71E9F5FC-2571-49B1-99CA-A417BE2BA1A6}"
EndProject
Project("{9A19103F-16F7-4668-BE54-9A1E7A4F7556}") = "Dhadgar.Mods.Tests", "tests\Dhadgar.Mods.Tests\Dhadgar.Mods.Tests.csproj", "{A4DD257E-82BC-43B8-B42D-A6F75A216D57}"
EndProject
Project("{9A19103F-16F7-4668-BE54-9A1E7A4F7556}") = "Dhadgar.Nodes.Tests", "tests\Dhadgar.Nodes.Tests\Dhadgar.Nodes.Tests.csproj", "{C8773504-7439-4C5B-8F98-DC9275371349}"
EndProject
Project("{9A19103F-16F7-4668-BE54-9A1E7A4F7556}") = "Dhadgar.Notifications.Tests", "tests\Dhadgar.Notifications.Tests\Dhadgar.Notifications.Tests.csproj", "{A7CDB75E-6754-4CCA-8828-F47053891F13}"
EndProject
Project("{9A19103F-16F7-4668-BE54-9A1E7A4F7556}") = "Dhadgar.Scope.Tests", "tests\Dhadgar.Scope.Tests\Dhadgar.Scope.Tests.csproj", "{32DB2BCC-97D9-44DE-8540-6707D3AF6D40}"
EndProject
Project("{9A19103F-16F7-4668-BE54-9A1E7A4F7556}") = "Dhadgar.ShoppingCart.Tests", "tests\Dhadgar.ShoppingCart.Tests\Dhadgar.ShoppingCart.Tests.csproj", "{B53E9843-D0C0-4256-BDEA-82D1F4E0A118}"
EndProject
Project("{9A19103F-16F7-4668-BE54-9A1E7A4F7556}") = "Dhadgar.Secrets.Tests", "tests\Dhadgar.Secrets.Tests\Dhadgar.Secrets.Tests.csproj", "{A2B7CC97-AAEE-411A-8715-B8E59FF8EC47}"
EndProject
Project("{9A19103F-16F7-4668-BE54-9A1E7A4F7556}") = "Dhadgar.Servers.Tests", "tests\Dhadgar.Servers.Tests\Dhadgar.Servers.Tests.csproj", "{88604C13-B07E-4C8D-AD77-E8900E2A0F3D}"
EndProject
Project("{9A19103F-16F7-4668-BE54-9A1E7A4F7556}") = "Dhadgar.ServiceDefaults.Tests", "tests\Dhadgar.ServiceDefaults.Tests\Dhadgar.ServiceDefaults.Tests.csproj", "{4F1994B7-AC78-4062-809C-F0B50104C8BD}"
EndProject
Project("{9A19103F-16F7-4668-BE54-9A1E7A4F7556}") = "Dhadgar.Shared.Tests", "tests\Dhadgar.Shared.Tests\Dhadgar.Shared.Tests.csproj", "{9DEDFE6F-8A1E-4C40-9893-1C24D887CB34}"
EndProject
Project("{9A19103F-16F7-4668-BE54-9A1E7A4F7556}") = "Dhadgar.Tasks.Tests", "tests\Dhadgar.Tasks.Tests\Dhadgar.Tasks.Tests.csproj", "{C939F85F-FEEB-48FC-98DD-0D32F70E7BF9}"
EndProject
Project("{9A19103F-16F7-4668-BE54-9A1E7A4F7556}") = "Dhadgar.Panel.Tests", "tests\Dhadgar.Panel.Tests\Dhadgar.Panel.Tests.csproj", "{E787CBB2-39D5-48D0-94CF-DE74686C1632}"
EndProject
Project("{2150E333-8FDC-42A3-9474-1A3956D46DE8}") = "src", "src", "{827E0CD3-B72D-47B6-A68D-7590B98EB39B}"
EndProject
Project("{FAE04EC0-301F-11D3-BF4B-00C04F79EFBC}") = "Dhadgar.SharedAuth", "src\Dhadgar.SharedAuth\Dhadgar.SharedAuth.csproj", "{DD388DA8-A055-47BF-9996-5B5D6855EF94}"
EndProject
Project("{2150E333-8FDC-42A3-9474-1A3956D46DE8}") = "Shared", "Shared", "{C8E42992-5E42-0C2B-DBFE-AA848D06431C}"
EndProject
Project("{FAE04EC0-301F-11D3-BF4B-00C04F79EFBC}") = "Dhadgar.Testing", "src\Shared\Dhadgar.Testing\Dhadgar.Testing.csproj", "{297DD46A-D3D9-4844-9E6B-40CDC1D68908}"
EndProject
Project("{FAE04EC0-301F-11D3-BF4B-00C04F79EFBC}") = "Dhadgar.AppHost", "src\Dhadgar.AppHost\Dhadgar.AppHost.csproj", "{14273C6A-C520-4D81-8C14-84ECE04BC952}"
EndProject
Project("{2150E333-8FDC-42A3-9474-1A3956D46DE8}") = "tests", "tests", "{0AB3BF05-4346-4AA6-1389-037BE0695223}"
EndProject
Project("{FAE04EC0-301F-11D3-BF4B-00C04F79EFBC}") = "Dhadgar.AppHost.Tests", "tests\Dhadgar.AppHost.Tests\Dhadgar.AppHost.Tests.csproj", "{2C9B70E4-84A4-49A4-90DD-7920A17A14AB}"
EndProject
Project("{2150E333-8FDC-42A3-9474-1A3956D46DE8}") = "Agents", "Agents", "{BB45B5A8-6B14-5255-64D0-EA6BEE8A90C1}"
EndProject
Project("{2150E333-8FDC-42A3-9474-1A3956D46DE8}") = "Dhadgar.Agent.Windows", "Dhadgar.Agent.Windows", "{3832D9BD-306D-2C2F-EDA0-F00F9729F7AA}"
EndProject
Project("{2150E333-8FDC-42A3-9474-1A3956D46DE8}") = "Installer", "Installer", "{6A06DC10-B440-A485-3289-079559CF1F59}"
EndProject
Project("{B7DD6F7E-DEF8-4E67-B5B7-07EF123DB6F0}") = "Dhadgar.Agent.Windows.Installer", "src\Agents\Dhadgar.Agent.Windows\Installer\Dhadgar.Agent.Windows.Installer.wixproj", "{049A5188-BCB5-4411-85DB-39D5D7F6B430}"
EndProject
Global
	GlobalSection(SolutionConfigurationPlatforms) = preSolution
		Debug|Any CPU = Debug|Any CPU
		Debug|x64 = Debug|x64
		Debug|x86 = Debug|x86
		Release|Any CPU = Release|Any CPU
		Release|x64 = Release|x64
		Release|x86 = Release|x86
	EndGlobalSection
	GlobalSection(ProjectConfigurationPlatforms) = postSolution
		{F6E70CFE-9798-4E90-92B1-A6C3F4ECFD16}.Debug|Any CPU.ActiveCfg = Debug|Any CPU
		{F6E70CFE-9798-4E90-92B1-A6C3F4ECFD16}.Debug|Any CPU.Build.0 = Debug|Any CPU
		{F6E70CFE-9798-4E90-92B1-A6C3F4ECFD16}.Debug|x64.ActiveCfg = Debug|Any CPU
		{F6E70CFE-9798-4E90-92B1-A6C3F4ECFD16}.Debug|x64.Build.0 = Debug|Any CPU
		{F6E70CFE-9798-4E90-92B1-A6C3F4ECFD16}.Debug|x86.ActiveCfg = Debug|Any CPU
		{F6E70CFE-9798-4E90-92B1-A6C3F4ECFD16}.Debug|x86.Build.0 = Debug|Any CPU
		{F6E70CFE-9798-4E90-92B1-A6C3F4ECFD16}.Release|Any CPU.ActiveCfg = Release|Any CPU
		{F6E70CFE-9798-4E90-92B1-A6C3F4ECFD16}.Release|Any CPU.Build.0 = Release|Any CPU
		{F6E70CFE-9798-4E90-92B1-A6C3F4ECFD16}.Release|x64.ActiveCfg = Release|Any CPU
		{F6E70CFE-9798-4E90-92B1-A6C3F4ECFD16}.Release|x64.Build.0 = Release|Any CPU
		{F6E70CFE-9798-4E90-92B1-A6C3F4ECFD16}.Release|x86.ActiveCfg = Release|Any CPU
		{F6E70CFE-9798-4E90-92B1-A6C3F4ECFD16}.Release|x86.Build.0 = Release|Any CPU
		{6D26A4A6-24FF-43C3-978A-973A5330B7C9}.Debug|Any CPU.ActiveCfg = Debug|Any CPU
		{6D26A4A6-24FF-43C3-978A-973A5330B7C9}.Debug|Any CPU.Build.0 = Debug|Any CPU
		{6D26A4A6-24FF-43C3-978A-973A5330B7C9}.Debug|x64.ActiveCfg = Debug|Any CPU
		{6D26A4A6-24FF-43C3-978A-973A5330B7C9}.Debug|x64.Build.0 = Debug|Any CPU
		{6D26A4A6-24FF-43C3-978A-973A5330B7C9}.Debug|x86.ActiveCfg = Debug|Any CPU
		{6D26A4A6-24FF-43C3-978A-973A5330B7C9}.Debug|x86.Build.0 = Debug|Any CPU
		{6D26A4A6-24FF-43C3-978A-973A5330B7C9}.Release|Any CPU.ActiveCfg = Release|Any CPU
		{6D26A4A6-24FF-43C3-978A-973A5330B7C9}.Release|Any CPU.Build.0 = Release|Any CPU
		{6D26A4A6-24FF-43C3-978A-973A5330B7C9}.Release|x64.ActiveCfg = Release|Any CPU
		{6D26A4A6-24FF-43C3-978A-973A5330B7C9}.Release|x64.Build.0 = Release|Any CPU
		{6D26A4A6-24FF-43C3-978A-973A5330B7C9}.Release|x86.ActiveCfg = Release|Any CPU
		{6D26A4A6-24FF-43C3-978A-973A5330B7C9}.Release|x86.Build.0 = Release|Any CPU
		{1795AE0F-5AA9-4567-9CFB-61EB5AB86401}.Debug|Any CPU.ActiveCfg = Debug|Any CPU
		{1795AE0F-5AA9-4567-9CFB-61EB5AB86401}.Debug|Any CPU.Build.0 = Debug|Any CPU
		{1795AE0F-5AA9-4567-9CFB-61EB5AB86401}.Debug|x64.ActiveCfg = Debug|Any CPU
		{1795AE0F-5AA9-4567-9CFB-61EB5AB86401}.Debug|x64.Build.0 = Debug|Any CPU
		{1795AE0F-5AA9-4567-9CFB-61EB5AB86401}.Debug|x86.ActiveCfg = Debug|Any CPU
		{1795AE0F-5AA9-4567-9CFB-61EB5AB86401}.Debug|x86.Build.0 = Debug|Any CPU
		{1795AE0F-5AA9-4567-9CFB-61EB5AB86401}.Release|Any CPU.ActiveCfg = Release|Any CPU
		{1795AE0F-5AA9-4567-9CFB-61EB5AB86401}.Release|Any CPU.Build.0 = Release|Any CPU
		{1795AE0F-5AA9-4567-9CFB-61EB5AB86401}.Release|x64.ActiveCfg = Release|Any CPU
		{1795AE0F-5AA9-4567-9CFB-61EB5AB86401}.Release|x64.Build.0 = Release|Any CPU
		{1795AE0F-5AA9-4567-9CFB-61EB5AB86401}.Release|x86.ActiveCfg = Release|Any CPU
		{1795AE0F-5AA9-4567-9CFB-61EB5AB86401}.Release|x86.Build.0 = Release|Any CPU
		{6DFAB25F-DA36-4B59-B944-7140880AEEAF}.Debug|Any CPU.ActiveCfg = Debug|Any CPU
		{6DFAB25F-DA36-4B59-B944-7140880AEEAF}.Debug|Any CPU.Build.0 = Debug|Any CPU
		{6DFAB25F-DA36-4B59-B944-7140880AEEAF}.Debug|x64.ActiveCfg = Debug|Any CPU
		{6DFAB25F-DA36-4B59-B944-7140880AEEAF}.Debug|x64.Build.0 = Debug|Any CPU
		{6DFAB25F-DA36-4B59-B944-7140880AEEAF}.Debug|x86.ActiveCfg = Debug|Any CPU
		{6DFAB25F-DA36-4B59-B944-7140880AEEAF}.Debug|x86.Build.0 = Debug|Any CPU
		{6DFAB25F-DA36-4B59-B944-7140880AEEAF}.Release|Any CPU.ActiveCfg = Release|Any CPU
		{6DFAB25F-DA36-4B59-B944-7140880AEEAF}.Release|Any CPU.Build.0 = Release|Any CPU
		{6DFAB25F-DA36-4B59-B944-7140880AEEAF}.Release|x64.ActiveCfg = Release|Any CPU
		{6DFAB25F-DA36-4B59-B944-7140880AEEAF}.Release|x64.Build.0 = Release|Any CPU
		{6DFAB25F-DA36-4B59-B944-7140880AEEAF}.Release|x86.ActiveCfg = Release|Any CPU
		{6DFAB25F-DA36-4B59-B944-7140880AEEAF}.Release|x86.Build.0 = Release|Any CPU
		{A37C217B-A63B-4587-8039-E7E753F4755E}.Debug|Any CPU.ActiveCfg = Debug|Any CPU
		{A37C217B-A63B-4587-8039-E7E753F4755E}.Debug|Any CPU.Build.0 = Debug|Any CPU
		{A37C217B-A63B-4587-8039-E7E753F4755E}.Debug|x64.ActiveCfg = Debug|Any CPU
		{A37C217B-A63B-4587-8039-E7E753F4755E}.Debug|x64.Build.0 = Debug|Any CPU
		{A37C217B-A63B-4587-8039-E7E753F4755E}.Debug|x86.ActiveCfg = Debug|Any CPU
		{A37C217B-A63B-4587-8039-E7E753F4755E}.Debug|x86.Build.0 = Debug|Any CPU
		{A37C217B-A63B-4587-8039-E7E753F4755E}.Release|Any CPU.ActiveCfg = Release|Any CPU
		{A37C217B-A63B-4587-8039-E7E753F4755E}.Release|Any CPU.Build.0 = Release|Any CPU
		{A37C217B-A63B-4587-8039-E7E753F4755E}.Release|x64.ActiveCfg = Release|Any CPU
		{A37C217B-A63B-4587-8039-E7E753F4755E}.Release|x64.Build.0 = Release|Any CPU
		{A37C217B-A63B-4587-8039-E7E753F4755E}.Release|x86.ActiveCfg = Release|Any CPU
		{A37C217B-A63B-4587-8039-E7E753F4755E}.Release|x86.Build.0 = Release|Any CPU
		{43E0505A-0B81-44DA-B5B6-BB98DF4CB7F5}.Debug|Any CPU.ActiveCfg = Debug|Any CPU
		{43E0505A-0B81-44DA-B5B6-BB98DF4CB7F5}.Debug|Any CPU.Build.0 = Debug|Any CPU
		{43E0505A-0B81-44DA-B5B6-BB98DF4CB7F5}.Debug|x64.ActiveCfg = Debug|Any CPU
		{43E0505A-0B81-44DA-B5B6-BB98DF4CB7F5}.Debug|x64.Build.0 = Debug|Any CPU
		{43E0505A-0B81-44DA-B5B6-BB98DF4CB7F5}.Debug|x86.ActiveCfg = Debug|Any CPU
		{43E0505A-0B81-44DA-B5B6-BB98DF4CB7F5}.Debug|x86.Build.0 = Debug|Any CPU
		{43E0505A-0B81-44DA-B5B6-BB98DF4CB7F5}.Release|Any CPU.ActiveCfg = Release|Any CPU
		{43E0505A-0B81-44DA-B5B6-BB98DF4CB7F5}.Release|Any CPU.Build.0 = Release|Any CPU
		{43E0505A-0B81-44DA-B5B6-BB98DF4CB7F5}.Release|x64.ActiveCfg = Release|Any CPU
		{43E0505A-0B81-44DA-B5B6-BB98DF4CB7F5}.Release|x64.Build.0 = Release|Any CPU
		{43E0505A-0B81-44DA-B5B6-BB98DF4CB7F5}.Release|x86.ActiveCfg = Release|Any CPU
		{43E0505A-0B81-44DA-B5B6-BB98DF4CB7F5}.Release|x86.Build.0 = Release|Any CPU
		{CB174484-640D-4ADF-82FE-50A2EBEE52B5}.Debug|Any CPU.ActiveCfg = Debug|Any CPU
		{CB174484-640D-4ADF-82FE-50A2EBEE52B5}.Debug|Any CPU.Build.0 = Debug|Any CPU
		{CB174484-640D-4ADF-82FE-50A2EBEE52B5}.Debug|x64.ActiveCfg = Debug|Any CPU
		{CB174484-640D-4ADF-82FE-50A2EBEE52B5}.Debug|x64.Build.0 = Debug|Any CPU
		{CB174484-640D-4ADF-82FE-50A2EBEE52B5}.Debug|x86.ActiveCfg = Debug|Any CPU
		{CB174484-640D-4ADF-82FE-50A2EBEE52B5}.Debug|x86.Build.0 = Debug|Any CPU
		{CB174484-640D-4ADF-82FE-50A2EBEE52B5}.Release|Any CPU.ActiveCfg = Release|Any CPU
		{CB174484-640D-4ADF-82FE-50A2EBEE52B5}.Release|Any CPU.Build.0 = Release|Any CPU
		{CB174484-640D-4ADF-82FE-50A2EBEE52B5}.Release|x64.ActiveCfg = Release|Any CPU
		{CB174484-640D-4ADF-82FE-50A2EBEE52B5}.Release|x64.Build.0 = Release|Any CPU
		{CB174484-640D-4ADF-82FE-50A2EBEE52B5}.Release|x86.ActiveCfg = Release|Any CPU
		{CB174484-640D-4ADF-82FE-50A2EBEE52B5}.Release|x86.Build.0 = Release|Any CPU
		{167568CC-BC62-468D-A079-317B91678D25}.Debug|Any CPU.ActiveCfg = Debug|Any CPU
		{167568CC-BC62-468D-A079-317B91678D25}.Debug|Any CPU.Build.0 = Debug|Any CPU
		{167568CC-BC62-468D-A079-317B91678D25}.Debug|x64.ActiveCfg = Debug|Any CPU
		{167568CC-BC62-468D-A079-317B91678D25}.Debug|x64.Build.0 = Debug|Any CPU
		{167568CC-BC62-468D-A079-317B91678D25}.Debug|x86.ActiveCfg = Debug|Any CPU
		{167568CC-BC62-468D-A079-317B91678D25}.Debug|x86.Build.0 = Debug|Any CPU
		{167568CC-BC62-468D-A079-317B91678D25}.Release|Any CPU.ActiveCfg = Release|Any CPU
		{167568CC-BC62-468D-A079-317B91678D25}.Release|Any CPU.Build.0 = Release|Any CPU
		{167568CC-BC62-468D-A079-317B91678D25}.Release|x64.ActiveCfg = Release|Any CPU
		{167568CC-BC62-468D-A079-317B91678D25}.Release|x64.Build.0 = Release|Any CPU
		{167568CC-BC62-468D-A079-317B91678D25}.Release|x86.ActiveCfg = Release|Any CPU
		{167568CC-BC62-468D-A079-317B91678D25}.Release|x86.Build.0 = Release|Any CPU
		{565D8A1E-1C24-4662-BA24-433B522FD4B8}.Debug|Any CPU.ActiveCfg = Debug|Any CPU
		{565D8A1E-1C24-4662-BA24-433B522FD4B8}.Debug|Any CPU.Build.0 = Debug|Any CPU
		{565D8A1E-1C24-4662-BA24-433B522FD4B8}.Debug|x64.ActiveCfg = Debug|Any CPU
		{565D8A1E-1C24-4662-BA24-433B522FD4B8}.Debug|x64.Build.0 = Debug|Any CPU
		{565D8A1E-1C24-4662-BA24-433B522FD4B8}.Debug|x86.ActiveCfg = Debug|Any CPU
		{565D8A1E-1C24-4662-BA24-433B522FD4B8}.Debug|x86.Build.0 = Debug|Any CPU
		{565D8A1E-1C24-4662-BA24-433B522FD4B8}.Release|Any CPU.ActiveCfg = Release|Any CPU
		{565D8A1E-1C24-4662-BA24-433B522FD4B8}.Release|Any CPU.Build.0 = Release|Any CPU
		{565D8A1E-1C24-4662-BA24-433B522FD4B8}.Release|x64.ActiveCfg = Release|Any CPU
		{565D8A1E-1C24-4662-BA24-433B522FD4B8}.Release|x64.Build.0 = Release|Any CPU
		{565D8A1E-1C24-4662-BA24-433B522FD4B8}.Release|x86.ActiveCfg = Release|Any CPU
		{565D8A1E-1C24-4662-BA24-433B522FD4B8}.Release|x86.Build.0 = Release|Any CPU
		{E6998FE2-72F3-44EA-AFEB-41263F085683}.Debug|Any CPU.ActiveCfg = Debug|Any CPU
		{E6998FE2-72F3-44EA-AFEB-41263F085683}.Debug|Any CPU.Build.0 = Debug|Any CPU
		{E6998FE2-72F3-44EA-AFEB-41263F085683}.Debug|x64.ActiveCfg = Debug|Any CPU
		{E6998FE2-72F3-44EA-AFEB-41263F085683}.Debug|x64.Build.0 = Debug|Any CPU
		{E6998FE2-72F3-44EA-AFEB-41263F085683}.Debug|x86.ActiveCfg = Debug|Any CPU
		{E6998FE2-72F3-44EA-AFEB-41263F085683}.Debug|x86.Build.0 = Debug|Any CPU
		{E6998FE2-72F3-44EA-AFEB-41263F085683}.Release|Any CPU.ActiveCfg = Release|Any CPU
		{E6998FE2-72F3-44EA-AFEB-41263F085683}.Release|Any CPU.Build.0 = Release|Any CPU
		{E6998FE2-72F3-44EA-AFEB-41263F085683}.Release|x64.ActiveCfg = Release|Any CPU
		{E6998FE2-72F3-44EA-AFEB-41263F085683}.Release|x64.Build.0 = Release|Any CPU
		{E6998FE2-72F3-44EA-AFEB-41263F085683}.Release|x86.ActiveCfg = Release|Any CPU
		{E6998FE2-72F3-44EA-AFEB-41263F085683}.Release|x86.Build.0 = Release|Any CPU
		{F28FBFB5-CA94-467E-97B1-E2F8246975A2}.Debug|Any CPU.ActiveCfg = Debug|Any CPU
		{F28FBFB5-CA94-467E-97B1-E2F8246975A2}.Debug|Any CPU.Build.0 = Debug|Any CPU
		{F28FBFB5-CA94-467E-97B1-E2F8246975A2}.Debug|x64.ActiveCfg = Debug|Any CPU
		{F28FBFB5-CA94-467E-97B1-E2F8246975A2}.Debug|x64.Build.0 = Debug|Any CPU
		{F28FBFB5-CA94-467E-97B1-E2F8246975A2}.Debug|x86.ActiveCfg = Debug|Any CPU
		{F28FBFB5-CA94-467E-97B1-E2F8246975A2}.Debug|x86.Build.0 = Debug|Any CPU
		{F28FBFB5-CA94-467E-97B1-E2F8246975A2}.Release|Any CPU.ActiveCfg = Release|Any CPU
		{F28FBFB5-CA94-467E-97B1-E2F8246975A2}.Release|Any CPU.Build.0 = Release|Any CPU
		{F28FBFB5-CA94-467E-97B1-E2F8246975A2}.Release|x64.ActiveCfg = Release|Any CPU
		{F28FBFB5-CA94-467E-97B1-E2F8246975A2}.Release|x64.Build.0 = Release|Any CPU
		{F28FBFB5-CA94-467E-97B1-E2F8246975A2}.Release|x86.ActiveCfg = Release|Any CPU
		{F28FBFB5-CA94-467E-97B1-E2F8246975A2}.Release|x86.Build.0 = Release|Any CPU
		{2B33FBD6-A4C2-4376-9BD3-F75807E4721B}.Debug|Any CPU.ActiveCfg = Debug|Any CPU
		{2B33FBD6-A4C2-4376-9BD3-F75807E4721B}.Debug|Any CPU.Build.0 = Debug|Any CPU
		{2B33FBD6-A4C2-4376-9BD3-F75807E4721B}.Debug|x64.ActiveCfg = Debug|Any CPU
		{2B33FBD6-A4C2-4376-9BD3-F75807E4721B}.Debug|x64.Build.0 = Debug|Any CPU
		{2B33FBD6-A4C2-4376-9BD3-F75807E4721B}.Debug|x86.ActiveCfg = Debug|Any CPU
		{2B33FBD6-A4C2-4376-9BD3-F75807E4721B}.Debug|x86.Build.0 = Debug|Any CPU
		{2B33FBD6-A4C2-4376-9BD3-F75807E4721B}.Release|Any CPU.ActiveCfg = Release|Any CPU
		{2B33FBD6-A4C2-4376-9BD3-F75807E4721B}.Release|Any CPU.Build.0 = Release|Any CPU
		{2B33FBD6-A4C2-4376-9BD3-F75807E4721B}.Release|x64.ActiveCfg = Release|Any CPU
		{2B33FBD6-A4C2-4376-9BD3-F75807E4721B}.Release|x64.Build.0 = Release|Any CPU
		{2B33FBD6-A4C2-4376-9BD3-F75807E4721B}.Release|x86.ActiveCfg = Release|Any CPU
		{2B33FBD6-A4C2-4376-9BD3-F75807E4721B}.Release|x86.Build.0 = Release|Any CPU
		{0C91C839-0800-4CD4-BE50-2A187671E8DD}.Debug|Any CPU.ActiveCfg = Debug|Any CPU
		{0C91C839-0800-4CD4-BE50-2A187671E8DD}.Debug|Any CPU.Build.0 = Debug|Any CPU
		{0C91C839-0800-4CD4-BE50-2A187671E8DD}.Debug|x64.ActiveCfg = Debug|Any CPU
		{0C91C839-0800-4CD4-BE50-2A187671E8DD}.Debug|x64.Build.0 = Debug|Any CPU
		{0C91C839-0800-4CD4-BE50-2A187671E8DD}.Debug|x86.ActiveCfg = Debug|Any CPU
		{0C91C839-0800-4CD4-BE50-2A187671E8DD}.Debug|x86.Build.0 = Debug|Any CPU
		{0C91C839-0800-4CD4-BE50-2A187671E8DD}.Release|Any CPU.ActiveCfg = Release|Any CPU
		{0C91C839-0800-4CD4-BE50-2A187671E8DD}.Release|Any CPU.Build.0 = Release|Any CPU
		{0C91C839-0800-4CD4-BE50-2A187671E8DD}.Release|x64.ActiveCfg = Release|Any CPU
		{0C91C839-0800-4CD4-BE50-2A187671E8DD}.Release|x64.Build.0 = Release|Any CPU
		{0C91C839-0800-4CD4-BE50-2A187671E8DD}.Release|x86.ActiveCfg = Release|Any CPU
		{0C91C839-0800-4CD4-BE50-2A187671E8DD}.Release|x86.Build.0 = Release|Any CPU
		{6B3C2100-9481-41D4-80A0-615474C2C779}.Debug|Any CPU.ActiveCfg = Debug|Any CPU
		{6B3C2100-9481-41D4-80A0-615474C2C779}.Debug|Any CPU.Build.0 = Debug|Any CPU
		{6B3C2100-9481-41D4-80A0-615474C2C779}.Debug|x64.ActiveCfg = Debug|Any CPU
		{6B3C2100-9481-41D4-80A0-615474C2C779}.Debug|x64.Build.0 = Debug|Any CPU
		{6B3C2100-9481-41D4-80A0-615474C2C779}.Debug|x86.ActiveCfg = Debug|Any CPU
		{6B3C2100-9481-41D4-80A0-615474C2C779}.Debug|x86.Build.0 = Debug|Any CPU
		{6B3C2100-9481-41D4-80A0-615474C2C779}.Release|Any CPU.ActiveCfg = Release|Any CPU
		{6B3C2100-9481-41D4-80A0-615474C2C779}.Release|Any CPU.Build.0 = Release|Any CPU
		{6B3C2100-9481-41D4-80A0-615474C2C779}.Release|x64.ActiveCfg = Release|Any CPU
		{6B3C2100-9481-41D4-80A0-615474C2C779}.Release|x64.Build.0 = Release|Any CPU
		{6B3C2100-9481-41D4-80A0-615474C2C779}.Release|x86.ActiveCfg = Release|Any CPU
		{6B3C2100-9481-41D4-80A0-615474C2C779}.Release|x86.Build.0 = Release|Any CPU
		{B0946428-9312-4F32-A9A7-641CC839836B}.Debug|Any CPU.ActiveCfg = Debug|Any CPU
		{B0946428-9312-4F32-A9A7-641CC839836B}.Debug|Any CPU.Build.0 = Debug|Any CPU
		{B0946428-9312-4F32-A9A7-641CC839836B}.Debug|x64.ActiveCfg = Debug|Any CPU
		{B0946428-9312-4F32-A9A7-641CC839836B}.Debug|x64.Build.0 = Debug|Any CPU
		{B0946428-9312-4F32-A9A7-641CC839836B}.Debug|x86.ActiveCfg = Debug|Any CPU
		{B0946428-9312-4F32-A9A7-641CC839836B}.Debug|x86.Build.0 = Debug|Any CPU
		{B0946428-9312-4F32-A9A7-641CC839836B}.Release|Any CPU.ActiveCfg = Release|Any CPU
		{B0946428-9312-4F32-A9A7-641CC839836B}.Release|Any CPU.Build.0 = Release|Any CPU
		{B0946428-9312-4F32-A9A7-641CC839836B}.Release|x64.ActiveCfg = Release|Any CPU
		{B0946428-9312-4F32-A9A7-641CC839836B}.Release|x64.Build.0 = Release|Any CPU
		{B0946428-9312-4F32-A9A7-641CC839836B}.Release|x86.ActiveCfg = Release|Any CPU
		{B0946428-9312-4F32-A9A7-641CC839836B}.Release|x86.Build.0 = Release|Any CPU
		{69DF3C3C-6AA1-47D7-A505-B23895E00DCB}.Debug|Any CPU.ActiveCfg = Debug|Any CPU
		{69DF3C3C-6AA1-47D7-A505-B23895E00DCB}.Debug|Any CPU.Build.0 = Debug|Any CPU
		{69DF3C3C-6AA1-47D7-A505-B23895E00DCB}.Debug|x64.ActiveCfg = Debug|Any CPU
		{69DF3C3C-6AA1-47D7-A505-B23895E00DCB}.Debug|x64.Build.0 = Debug|Any CPU
		{69DF3C3C-6AA1-47D7-A505-B23895E00DCB}.Debug|x86.ActiveCfg = Debug|Any CPU
		{69DF3C3C-6AA1-47D7-A505-B23895E00DCB}.Debug|x86.Build.0 = Debug|Any CPU
		{69DF3C3C-6AA1-47D7-A505-B23895E00DCB}.Release|Any CPU.ActiveCfg = Release|Any CPU
		{69DF3C3C-6AA1-47D7-A505-B23895E00DCB}.Release|Any CPU.Build.0 = Release|Any CPU
		{69DF3C3C-6AA1-47D7-A505-B23895E00DCB}.Release|x64.ActiveCfg = Release|Any CPU
		{69DF3C3C-6AA1-47D7-A505-B23895E00DCB}.Release|x64.Build.0 = Release|Any CPU
		{69DF3C3C-6AA1-47D7-A505-B23895E00DCB}.Release|x86.ActiveCfg = Release|Any CPU
		{69DF3C3C-6AA1-47D7-A505-B23895E00DCB}.Release|x86.Build.0 = Release|Any CPU
		{62D6997D-BA4D-4DCA-9221-B1557DF0A074}.Debug|Any CPU.ActiveCfg = Debug|Any CPU
		{62D6997D-BA4D-4DCA-9221-B1557DF0A074}.Debug|Any CPU.Build.0 = Debug|Any CPU
		{62D6997D-BA4D-4DCA-9221-B1557DF0A074}.Debug|x64.ActiveCfg = Debug|Any CPU
		{62D6997D-BA4D-4DCA-9221-B1557DF0A074}.Debug|x64.Build.0 = Debug|Any CPU
		{62D6997D-BA4D-4DCA-9221-B1557DF0A074}.Debug|x86.ActiveCfg = Debug|Any CPU
		{62D6997D-BA4D-4DCA-9221-B1557DF0A074}.Debug|x86.Build.0 = Debug|Any CPU
		{62D6997D-BA4D-4DCA-9221-B1557DF0A074}.Release|Any CPU.ActiveCfg = Release|Any CPU
		{62D6997D-BA4D-4DCA-9221-B1557DF0A074}.Release|Any CPU.Build.0 = Release|Any CPU
		{62D6997D-BA4D-4DCA-9221-B1557DF0A074}.Release|x64.ActiveCfg = Release|Any CPU
		{62D6997D-BA4D-4DCA-9221-B1557DF0A074}.Release|x64.Build.0 = Release|Any CPU
		{62D6997D-BA4D-4DCA-9221-B1557DF0A074}.Release|x86.ActiveCfg = Release|Any CPU
		{62D6997D-BA4D-4DCA-9221-B1557DF0A074}.Release|x86.Build.0 = Release|Any CPU
		{A436500F-B433-45E3-8DCC-CD76C74517F8}.Debug|Any CPU.ActiveCfg = Debug|Any CPU
		{A436500F-B433-45E3-8DCC-CD76C74517F8}.Debug|Any CPU.Build.0 = Debug|Any CPU
		{A436500F-B433-45E3-8DCC-CD76C74517F8}.Debug|x64.ActiveCfg = Debug|Any CPU
		{A436500F-B433-45E3-8DCC-CD76C74517F8}.Debug|x64.Build.0 = Debug|Any CPU
		{A436500F-B433-45E3-8DCC-CD76C74517F8}.Debug|x86.ActiveCfg = Debug|Any CPU
		{A436500F-B433-45E3-8DCC-CD76C74517F8}.Debug|x86.Build.0 = Debug|Any CPU
		{A436500F-B433-45E3-8DCC-CD76C74517F8}.Release|Any CPU.ActiveCfg = Release|Any CPU
		{A436500F-B433-45E3-8DCC-CD76C74517F8}.Release|Any CPU.Build.0 = Release|Any CPU
		{A436500F-B433-45E3-8DCC-CD76C74517F8}.Release|x64.ActiveCfg = Release|Any CPU
		{A436500F-B433-45E3-8DCC-CD76C74517F8}.Release|x64.Build.0 = Release|Any CPU
		{A436500F-B433-45E3-8DCC-CD76C74517F8}.Release|x86.ActiveCfg = Release|Any CPU
		{A436500F-B433-45E3-8DCC-CD76C74517F8}.Release|x86.Build.0 = Release|Any CPU
		{79D786C0-271F-42FD-9A5C-EE122DA07799}.Debug|Any CPU.ActiveCfg = Debug|Any CPU
		{79D786C0-271F-42FD-9A5C-EE122DA07799}.Debug|Any CPU.Build.0 = Debug|Any CPU
		{79D786C0-271F-42FD-9A5C-EE122DA07799}.Debug|x64.ActiveCfg = Debug|Any CPU
		{79D786C0-271F-42FD-9A5C-EE122DA07799}.Debug|x64.Build.0 = Debug|Any CPU
		{79D786C0-271F-42FD-9A5C-EE122DA07799}.Debug|x86.ActiveCfg = Debug|Any CPU
		{79D786C0-271F-42FD-9A5C-EE122DA07799}.Debug|x86.Build.0 = Debug|Any CPU
		{79D786C0-271F-42FD-9A5C-EE122DA07799}.Release|Any CPU.ActiveCfg = Release|Any CPU
		{79D786C0-271F-42FD-9A5C-EE122DA07799}.Release|Any CPU.Build.0 = Release|Any CPU
		{79D786C0-271F-42FD-9A5C-EE122DA07799}.Release|x64.ActiveCfg = Release|Any CPU
		{79D786C0-271F-42FD-9A5C-EE122DA07799}.Release|x64.Build.0 = Release|Any CPU
		{79D786C0-271F-42FD-9A5C-EE122DA07799}.Release|x86.ActiveCfg = Release|Any CPU
		{79D786C0-271F-42FD-9A5C-EE122DA07799}.Release|x86.Build.0 = Release|Any CPU
		{CCE985E6-C8C6-4397-B61B-630930025349}.Debug|Any CPU.ActiveCfg = Debug|Any CPU
		{CCE985E6-C8C6-4397-B61B-630930025349}.Debug|Any CPU.Build.0 = Debug|Any CPU
		{CCE985E6-C8C6-4397-B61B-630930025349}.Debug|x64.ActiveCfg = Debug|Any CPU
		{CCE985E6-C8C6-4397-B61B-630930025349}.Debug|x64.Build.0 = Debug|Any CPU
		{CCE985E6-C8C6-4397-B61B-630930025349}.Debug|x86.ActiveCfg = Debug|Any CPU
		{CCE985E6-C8C6-4397-B61B-630930025349}.Debug|x86.Build.0 = Debug|Any CPU
		{CCE985E6-C8C6-4397-B61B-630930025349}.Release|Any CPU.ActiveCfg = Release|Any CPU
		{CCE985E6-C8C6-4397-B61B-630930025349}.Release|Any CPU.Build.0 = Release|Any CPU
		{CCE985E6-C8C6-4397-B61B-630930025349}.Release|x64.ActiveCfg = Release|Any CPU
		{CCE985E6-C8C6-4397-B61B-630930025349}.Release|x64.Build.0 = Release|Any CPU
		{CCE985E6-C8C6-4397-B61B-630930025349}.Release|x86.ActiveCfg = Release|Any CPU
		{CCE985E6-C8C6-4397-B61B-630930025349}.Release|x86.Build.0 = Release|Any CPU
		{E026E646-CDC3-471B-AAAB-6054B849856D}.Debug|Any CPU.ActiveCfg = Debug|Any CPU
		{E026E646-CDC3-471B-AAAB-6054B849856D}.Debug|Any CPU.Build.0 = Debug|Any CPU
		{E026E646-CDC3-471B-AAAB-6054B849856D}.Debug|x64.ActiveCfg = Debug|Any CPU
		{E026E646-CDC3-471B-AAAB-6054B849856D}.Debug|x64.Build.0 = Debug|Any CPU
		{E026E646-CDC3-471B-AAAB-6054B849856D}.Debug|x86.ActiveCfg = Debug|Any CPU
		{E026E646-CDC3-471B-AAAB-6054B849856D}.Debug|x86.Build.0 = Debug|Any CPU
		{E026E646-CDC3-471B-AAAB-6054B849856D}.Release|Any CPU.ActiveCfg = Release|Any CPU
		{E026E646-CDC3-471B-AAAB-6054B849856D}.Release|Any CPU.Build.0 = Release|Any CPU
		{E026E646-CDC3-471B-AAAB-6054B849856D}.Release|x64.ActiveCfg = Release|Any CPU
		{E026E646-CDC3-471B-AAAB-6054B849856D}.Release|x64.Build.0 = Release|Any CPU
		{E026E646-CDC3-471B-AAAB-6054B849856D}.Release|x86.ActiveCfg = Release|Any CPU
		{E026E646-CDC3-471B-AAAB-6054B849856D}.Release|x86.Build.0 = Release|Any CPU
		{8F0B68FF-4AC9-46A8-93CD-D574D7BB0605}.Debug|Any CPU.ActiveCfg = Debug|Any CPU
		{8F0B68FF-4AC9-46A8-93CD-D574D7BB0605}.Debug|Any CPU.Build.0 = Debug|Any CPU
		{8F0B68FF-4AC9-46A8-93CD-D574D7BB0605}.Debug|x64.ActiveCfg = Debug|Any CPU
		{8F0B68FF-4AC9-46A8-93CD-D574D7BB0605}.Debug|x64.Build.0 = Debug|Any CPU
		{8F0B68FF-4AC9-46A8-93CD-D574D7BB0605}.Debug|x86.ActiveCfg = Debug|Any CPU
		{8F0B68FF-4AC9-46A8-93CD-D574D7BB0605}.Debug|x86.Build.0 = Debug|Any CPU
		{8F0B68FF-4AC9-46A8-93CD-D574D7BB0605}.Release|Any CPU.ActiveCfg = Release|Any CPU
		{8F0B68FF-4AC9-46A8-93CD-D574D7BB0605}.Release|Any CPU.Build.0 = Release|Any CPU
		{8F0B68FF-4AC9-46A8-93CD-D574D7BB0605}.Release|x64.ActiveCfg = Release|Any CPU
		{8F0B68FF-4AC9-46A8-93CD-D574D7BB0605}.Release|x64.Build.0 = Release|Any CPU
		{8F0B68FF-4AC9-46A8-93CD-D574D7BB0605}.Release|x86.ActiveCfg = Release|Any CPU
		{8F0B68FF-4AC9-46A8-93CD-D574D7BB0605}.Release|x86.Build.0 = Release|Any CPU
		{57F0082A-9FE9-414E-AF91-65C58FBD2030}.Debug|Any CPU.ActiveCfg = Debug|Any CPU
		{57F0082A-9FE9-414E-AF91-65C58FBD2030}.Debug|Any CPU.Build.0 = Debug|Any CPU
		{57F0082A-9FE9-414E-AF91-65C58FBD2030}.Debug|x64.ActiveCfg = Debug|Any CPU
		{57F0082A-9FE9-414E-AF91-65C58FBD2030}.Debug|x64.Build.0 = Debug|Any CPU
		{57F0082A-9FE9-414E-AF91-65C58FBD2030}.Debug|x86.ActiveCfg = Debug|Any CPU
		{57F0082A-9FE9-414E-AF91-65C58FBD2030}.Debug|x86.Build.0 = Debug|Any CPU
		{57F0082A-9FE9-414E-AF91-65C58FBD2030}.Release|Any CPU.ActiveCfg = Release|Any CPU
		{57F0082A-9FE9-414E-AF91-65C58FBD2030}.Release|Any CPU.Build.0 = Release|Any CPU
		{57F0082A-9FE9-414E-AF91-65C58FBD2030}.Release|x64.ActiveCfg = Release|Any CPU
		{57F0082A-9FE9-414E-AF91-65C58FBD2030}.Release|x64.Build.0 = Release|Any CPU
		{57F0082A-9FE9-414E-AF91-65C58FBD2030}.Release|x86.ActiveCfg = Release|Any CPU
		{57F0082A-9FE9-414E-AF91-65C58FBD2030}.Release|x86.Build.0 = Release|Any CPU
		{338C7A7D-3562-4A0D-A753-AE78D33B3FF6}.Debug|Any CPU.ActiveCfg = Debug|Any CPU
		{338C7A7D-3562-4A0D-A753-AE78D33B3FF6}.Debug|Any CPU.Build.0 = Debug|Any CPU
		{338C7A7D-3562-4A0D-A753-AE78D33B3FF6}.Debug|x64.ActiveCfg = Debug|Any CPU
		{338C7A7D-3562-4A0D-A753-AE78D33B3FF6}.Debug|x64.Build.0 = Debug|Any CPU
		{338C7A7D-3562-4A0D-A753-AE78D33B3FF6}.Debug|x86.ActiveCfg = Debug|Any CPU
		{338C7A7D-3562-4A0D-A753-AE78D33B3FF6}.Debug|x86.Build.0 = Debug|Any CPU
		{338C7A7D-3562-4A0D-A753-AE78D33B3FF6}.Release|Any CPU.ActiveCfg = Release|Any CPU
		{338C7A7D-3562-4A0D-A753-AE78D33B3FF6}.Release|Any CPU.Build.0 = Release|Any CPU
		{338C7A7D-3562-4A0D-A753-AE78D33B3FF6}.Release|x64.ActiveCfg = Release|Any CPU
		{338C7A7D-3562-4A0D-A753-AE78D33B3FF6}.Release|x64.Build.0 = Release|Any CPU
		{338C7A7D-3562-4A0D-A753-AE78D33B3FF6}.Release|x86.ActiveCfg = Release|Any CPU
		{338C7A7D-3562-4A0D-A753-AE78D33B3FF6}.Release|x86.Build.0 = Release|Any CPU
		{90685C3C-3F4E-48CB-B63C-7323C4EC56E8}.Debug|Any CPU.ActiveCfg = Debug|Any CPU
		{90685C3C-3F4E-48CB-B63C-7323C4EC56E8}.Debug|Any CPU.Build.0 = Debug|Any CPU
		{90685C3C-3F4E-48CB-B63C-7323C4EC56E8}.Debug|x64.ActiveCfg = Debug|Any CPU
		{90685C3C-3F4E-48CB-B63C-7323C4EC56E8}.Debug|x64.Build.0 = Debug|Any CPU
		{90685C3C-3F4E-48CB-B63C-7323C4EC56E8}.Debug|x86.ActiveCfg = Debug|Any CPU
		{90685C3C-3F4E-48CB-B63C-7323C4EC56E8}.Debug|x86.Build.0 = Debug|Any CPU
		{90685C3C-3F4E-48CB-B63C-7323C4EC56E8}.Release|Any CPU.ActiveCfg = Release|Any CPU
		{90685C3C-3F4E-48CB-B63C-7323C4EC56E8}.Release|Any CPU.Build.0 = Release|Any CPU
		{90685C3C-3F4E-48CB-B63C-7323C4EC56E8}.Release|x64.ActiveCfg = Release|Any CPU
		{90685C3C-3F4E-48CB-B63C-7323C4EC56E8}.Release|x64.Build.0 = Release|Any CPU
		{90685C3C-3F4E-48CB-B63C-7323C4EC56E8}.Release|x86.ActiveCfg = Release|Any CPU
		{90685C3C-3F4E-48CB-B63C-7323C4EC56E8}.Release|x86.Build.0 = Release|Any CPU
		{405072E1-1E26-44F4-B3A0-61E7FF6121B0}.Debug|Any CPU.ActiveCfg = Debug|Any CPU
		{405072E1-1E26-44F4-B3A0-61E7FF6121B0}.Debug|Any CPU.Build.0 = Debug|Any CPU
		{405072E1-1E26-44F4-B3A0-61E7FF6121B0}.Debug|x64.ActiveCfg = Debug|Any CPU
		{405072E1-1E26-44F4-B3A0-61E7FF6121B0}.Debug|x64.Build.0 = Debug|Any CPU
		{405072E1-1E26-44F4-B3A0-61E7FF6121B0}.Debug|x86.ActiveCfg = Debug|Any CPU
		{405072E1-1E26-44F4-B3A0-61E7FF6121B0}.Debug|x86.Build.0 = Debug|Any CPU
		{405072E1-1E26-44F4-B3A0-61E7FF6121B0}.Release|Any CPU.ActiveCfg = Release|Any CPU
		{405072E1-1E26-44F4-B3A0-61E7FF6121B0}.Release|Any CPU.Build.0 = Release|Any CPU
		{405072E1-1E26-44F4-B3A0-61E7FF6121B0}.Release|x64.ActiveCfg = Release|Any CPU
		{405072E1-1E26-44F4-B3A0-61E7FF6121B0}.Release|x64.Build.0 = Release|Any CPU
		{405072E1-1E26-44F4-B3A0-61E7FF6121B0}.Release|x86.ActiveCfg = Release|Any CPU
		{405072E1-1E26-44F4-B3A0-61E7FF6121B0}.Release|x86.Build.0 = Release|Any CPU
		{C524FCDA-9674-4ECC-8D84-39A22FCF2762}.Debug|Any CPU.ActiveCfg = Debug|Any CPU
		{C524FCDA-9674-4ECC-8D84-39A22FCF2762}.Debug|Any CPU.Build.0 = Debug|Any CPU
		{C524FCDA-9674-4ECC-8D84-39A22FCF2762}.Debug|x64.ActiveCfg = Debug|Any CPU
		{C524FCDA-9674-4ECC-8D84-39A22FCF2762}.Debug|x64.Build.0 = Debug|Any CPU
		{C524FCDA-9674-4ECC-8D84-39A22FCF2762}.Debug|x86.ActiveCfg = Debug|Any CPU
		{C524FCDA-9674-4ECC-8D84-39A22FCF2762}.Debug|x86.Build.0 = Debug|Any CPU
		{C524FCDA-9674-4ECC-8D84-39A22FCF2762}.Release|Any CPU.ActiveCfg = Release|Any CPU
		{C524FCDA-9674-4ECC-8D84-39A22FCF2762}.Release|Any CPU.Build.0 = Release|Any CPU
		{C524FCDA-9674-4ECC-8D84-39A22FCF2762}.Release|x64.ActiveCfg = Release|Any CPU
		{C524FCDA-9674-4ECC-8D84-39A22FCF2762}.Release|x64.Build.0 = Release|Any CPU
		{C524FCDA-9674-4ECC-8D84-39A22FCF2762}.Release|x86.ActiveCfg = Release|Any CPU
		{C524FCDA-9674-4ECC-8D84-39A22FCF2762}.Release|x86.Build.0 = Release|Any CPU
		{9F4D0984-891B-4190-8B3F-D7D88AE86E85}.Debug|Any CPU.ActiveCfg = Debug|Any CPU
		{9F4D0984-891B-4190-8B3F-D7D88AE86E85}.Debug|Any CPU.Build.0 = Debug|Any CPU
		{9F4D0984-891B-4190-8B3F-D7D88AE86E85}.Debug|x64.ActiveCfg = Debug|Any CPU
		{9F4D0984-891B-4190-8B3F-D7D88AE86E85}.Debug|x64.Build.0 = Debug|Any CPU
		{9F4D0984-891B-4190-8B3F-D7D88AE86E85}.Debug|x86.ActiveCfg = Debug|Any CPU
		{9F4D0984-891B-4190-8B3F-D7D88AE86E85}.Debug|x86.Build.0 = Debug|Any CPU
		{9F4D0984-891B-4190-8B3F-D7D88AE86E85}.Release|Any CPU.ActiveCfg = Release|Any CPU
		{9F4D0984-891B-4190-8B3F-D7D88AE86E85}.Release|Any CPU.Build.0 = Release|Any CPU
		{9F4D0984-891B-4190-8B3F-D7D88AE86E85}.Release|x64.ActiveCfg = Release|Any CPU
		{9F4D0984-891B-4190-8B3F-D7D88AE86E85}.Release|x64.Build.0 = Release|Any CPU
		{9F4D0984-891B-4190-8B3F-D7D88AE86E85}.Release|x86.ActiveCfg = Release|Any CPU
		{9F4D0984-891B-4190-8B3F-D7D88AE86E85}.Release|x86.Build.0 = Release|Any CPU
		{CF221F01-DE40-4CDD-909A-9DC5DF690699}.Debug|Any CPU.ActiveCfg = Debug|Any CPU
		{CF221F01-DE40-4CDD-909A-9DC5DF690699}.Debug|Any CPU.Build.0 = Debug|Any CPU
		{CF221F01-DE40-4CDD-909A-9DC5DF690699}.Debug|x64.ActiveCfg = Debug|Any CPU
		{CF221F01-DE40-4CDD-909A-9DC5DF690699}.Debug|x64.Build.0 = Debug|Any CPU
		{CF221F01-DE40-4CDD-909A-9DC5DF690699}.Debug|x86.ActiveCfg = Debug|Any CPU
		{CF221F01-DE40-4CDD-909A-9DC5DF690699}.Debug|x86.Build.0 = Debug|Any CPU
		{CF221F01-DE40-4CDD-909A-9DC5DF690699}.Release|Any CPU.ActiveCfg = Release|Any CPU
		{CF221F01-DE40-4CDD-909A-9DC5DF690699}.Release|Any CPU.Build.0 = Release|Any CPU
		{CF221F01-DE40-4CDD-909A-9DC5DF690699}.Release|x64.ActiveCfg = Release|Any CPU
		{CF221F01-DE40-4CDD-909A-9DC5DF690699}.Release|x64.Build.0 = Release|Any CPU
		{CF221F01-DE40-4CDD-909A-9DC5DF690699}.Release|x86.ActiveCfg = Release|Any CPU
		{CF221F01-DE40-4CDD-909A-9DC5DF690699}.Release|x86.Build.0 = Release|Any CPU
		{6A819EE2-1D12-4B71-BB15-CC4702DC6810}.Debug|Any CPU.ActiveCfg = Debug|Any CPU
		{6A819EE2-1D12-4B71-BB15-CC4702DC6810}.Debug|Any CPU.Build.0 = Debug|Any CPU
		{6A819EE2-1D12-4B71-BB15-CC4702DC6810}.Debug|x64.ActiveCfg = Debug|Any CPU
		{6A819EE2-1D12-4B71-BB15-CC4702DC6810}.Debug|x64.Build.0 = Debug|Any CPU
		{6A819EE2-1D12-4B71-BB15-CC4702DC6810}.Debug|x86.ActiveCfg = Debug|Any CPU
		{6A819EE2-1D12-4B71-BB15-CC4702DC6810}.Debug|x86.Build.0 = Debug|Any CPU
		{6A819EE2-1D12-4B71-BB15-CC4702DC6810}.Release|Any CPU.ActiveCfg = Release|Any CPU
		{6A819EE2-1D12-4B71-BB15-CC4702DC6810}.Release|Any CPU.Build.0 = Release|Any CPU
		{6A819EE2-1D12-4B71-BB15-CC4702DC6810}.Release|x64.ActiveCfg = Release|Any CPU
		{6A819EE2-1D12-4B71-BB15-CC4702DC6810}.Release|x64.Build.0 = Release|Any CPU
		{6A819EE2-1D12-4B71-BB15-CC4702DC6810}.Release|x86.ActiveCfg = Release|Any CPU
		{6A819EE2-1D12-4B71-BB15-CC4702DC6810}.Release|x86.Build.0 = Release|Any CPU
		{2BABA73D-DFB3-4552-BEB2-FC4C0ADF13E7}.Debug|Any CPU.ActiveCfg = Debug|Any CPU
		{2BABA73D-DFB3-4552-BEB2-FC4C0ADF13E7}.Debug|Any CPU.Build.0 = Debug|Any CPU
		{2BABA73D-DFB3-4552-BEB2-FC4C0ADF13E7}.Debug|x64.ActiveCfg = Debug|Any CPU
		{2BABA73D-DFB3-4552-BEB2-FC4C0ADF13E7}.Debug|x64.Build.0 = Debug|Any CPU
		{2BABA73D-DFB3-4552-BEB2-FC4C0ADF13E7}.Debug|x86.ActiveCfg = Debug|Any CPU
		{2BABA73D-DFB3-4552-BEB2-FC4C0ADF13E7}.Debug|x86.Build.0 = Debug|Any CPU
		{2BABA73D-DFB3-4552-BEB2-FC4C0ADF13E7}.Release|Any CPU.ActiveCfg = Release|Any CPU
		{2BABA73D-DFB3-4552-BEB2-FC4C0ADF13E7}.Release|Any CPU.Build.0 = Release|Any CPU
		{2BABA73D-DFB3-4552-BEB2-FC4C0ADF13E7}.Release|x64.ActiveCfg = Release|Any CPU
		{2BABA73D-DFB3-4552-BEB2-FC4C0ADF13E7}.Release|x64.Build.0 = Release|Any CPU
		{2BABA73D-DFB3-4552-BEB2-FC4C0ADF13E7}.Release|x86.ActiveCfg = Release|Any CPU
		{2BABA73D-DFB3-4552-BEB2-FC4C0ADF13E7}.Release|x86.Build.0 = Release|Any CPU
		{A888E5E4-032F-453B-A7BD-D9FAF95DA7CD}.Debug|Any CPU.ActiveCfg = Debug|Any CPU
		{A888E5E4-032F-453B-A7BD-D9FAF95DA7CD}.Debug|Any CPU.Build.0 = Debug|Any CPU
		{A888E5E4-032F-453B-A7BD-D9FAF95DA7CD}.Debug|x64.ActiveCfg = Debug|Any CPU
		{A888E5E4-032F-453B-A7BD-D9FAF95DA7CD}.Debug|x64.Build.0 = Debug|Any CPU
		{A888E5E4-032F-453B-A7BD-D9FAF95DA7CD}.Debug|x86.ActiveCfg = Debug|Any CPU
		{A888E5E4-032F-453B-A7BD-D9FAF95DA7CD}.Debug|x86.Build.0 = Debug|Any CPU
		{A888E5E4-032F-453B-A7BD-D9FAF95DA7CD}.Release|Any CPU.ActiveCfg = Release|Any CPU
		{A888E5E4-032F-453B-A7BD-D9FAF95DA7CD}.Release|Any CPU.Build.0 = Release|Any CPU
		{A888E5E4-032F-453B-A7BD-D9FAF95DA7CD}.Release|x64.ActiveCfg = Release|Any CPU
		{A888E5E4-032F-453B-A7BD-D9FAF95DA7CD}.Release|x64.Build.0 = Release|Any CPU
		{A888E5E4-032F-453B-A7BD-D9FAF95DA7CD}.Release|x86.ActiveCfg = Release|Any CPU
		{A888E5E4-032F-453B-A7BD-D9FAF95DA7CD}.Release|x86.Build.0 = Release|Any CPU
		{099A339E-AF5B-474C-9E74-4611678EC60E}.Debug|Any CPU.ActiveCfg = Debug|Any CPU
		{099A339E-AF5B-474C-9E74-4611678EC60E}.Debug|Any CPU.Build.0 = Debug|Any CPU
		{099A339E-AF5B-474C-9E74-4611678EC60E}.Debug|x64.ActiveCfg = Debug|Any CPU
		{099A339E-AF5B-474C-9E74-4611678EC60E}.Debug|x64.Build.0 = Debug|Any CPU
		{099A339E-AF5B-474C-9E74-4611678EC60E}.Debug|x86.ActiveCfg = Debug|Any CPU
		{099A339E-AF5B-474C-9E74-4611678EC60E}.Debug|x86.Build.0 = Debug|Any CPU
		{099A339E-AF5B-474C-9E74-4611678EC60E}.Release|Any CPU.ActiveCfg = Release|Any CPU
		{099A339E-AF5B-474C-9E74-4611678EC60E}.Release|Any CPU.Build.0 = Release|Any CPU
		{099A339E-AF5B-474C-9E74-4611678EC60E}.Release|x64.ActiveCfg = Release|Any CPU
		{099A339E-AF5B-474C-9E74-4611678EC60E}.Release|x64.Build.0 = Release|Any CPU
		{099A339E-AF5B-474C-9E74-4611678EC60E}.Release|x86.ActiveCfg = Release|Any CPU
		{099A339E-AF5B-474C-9E74-4611678EC60E}.Release|x86.Build.0 = Release|Any CPU
		{F4A30897-BEFD-45CD-AC6A-FD7FCBD2455D}.Debug|Any CPU.ActiveCfg = Debug|Any CPU
		{F4A30897-BEFD-45CD-AC6A-FD7FCBD2455D}.Debug|Any CPU.Build.0 = Debug|Any CPU
		{F4A30897-BEFD-45CD-AC6A-FD7FCBD2455D}.Debug|x64.ActiveCfg = Debug|Any CPU
		{F4A30897-BEFD-45CD-AC6A-FD7FCBD2455D}.Debug|x64.Build.0 = Debug|Any CPU
		{F4A30897-BEFD-45CD-AC6A-FD7FCBD2455D}.Debug|x86.ActiveCfg = Debug|Any CPU
		{F4A30897-BEFD-45CD-AC6A-FD7FCBD2455D}.Debug|x86.Build.0 = Debug|Any CPU
		{F4A30897-BEFD-45CD-AC6A-FD7FCBD2455D}.Release|Any CPU.ActiveCfg = Release|Any CPU
		{F4A30897-BEFD-45CD-AC6A-FD7FCBD2455D}.Release|Any CPU.Build.0 = Release|Any CPU
		{F4A30897-BEFD-45CD-AC6A-FD7FCBD2455D}.Release|x64.ActiveCfg = Release|Any CPU
		{F4A30897-BEFD-45CD-AC6A-FD7FCBD2455D}.Release|x64.Build.0 = Release|Any CPU
		{F4A30897-BEFD-45CD-AC6A-FD7FCBD2455D}.Release|x86.ActiveCfg = Release|Any CPU
		{F4A30897-BEFD-45CD-AC6A-FD7FCBD2455D}.Release|x86.Build.0 = Release|Any CPU
		{4015F864-2ADD-42F7-A399-25CF7DC2A15B}.Debug|Any CPU.ActiveCfg = Debug|Any CPU
		{4015F864-2ADD-42F7-A399-25CF7DC2A15B}.Debug|Any CPU.Build.0 = Debug|Any CPU
		{4015F864-2ADD-42F7-A399-25CF7DC2A15B}.Debug|x64.ActiveCfg = Debug|Any CPU
		{4015F864-2ADD-42F7-A399-25CF7DC2A15B}.Debug|x64.Build.0 = Debug|Any CPU
		{4015F864-2ADD-42F7-A399-25CF7DC2A15B}.Debug|x86.ActiveCfg = Debug|Any CPU
		{4015F864-2ADD-42F7-A399-25CF7DC2A15B}.Debug|x86.Build.0 = Debug|Any CPU
		{4015F864-2ADD-42F7-A399-25CF7DC2A15B}.Release|Any CPU.ActiveCfg = Release|Any CPU
		{4015F864-2ADD-42F7-A399-25CF7DC2A15B}.Release|Any CPU.Build.0 = Release|Any CPU
		{4015F864-2ADD-42F7-A399-25CF7DC2A15B}.Release|x64.ActiveCfg = Release|Any CPU
		{4015F864-2ADD-42F7-A399-25CF7DC2A15B}.Release|x64.Build.0 = Release|Any CPU
		{4015F864-2ADD-42F7-A399-25CF7DC2A15B}.Release|x86.ActiveCfg = Release|Any CPU
		{4015F864-2ADD-42F7-A399-25CF7DC2A15B}.Release|x86.Build.0 = Release|Any CPU
		{71E9F5FC-2571-49B1-99CA-A417BE2BA1A6}.Debug|Any CPU.ActiveCfg = Debug|Any CPU
		{71E9F5FC-2571-49B1-99CA-A417BE2BA1A6}.Debug|Any CPU.Build.0 = Debug|Any CPU
		{71E9F5FC-2571-49B1-99CA-A417BE2BA1A6}.Debug|x64.ActiveCfg = Debug|Any CPU
		{71E9F5FC-2571-49B1-99CA-A417BE2BA1A6}.Debug|x64.Build.0 = Debug|Any CPU
		{71E9F5FC-2571-49B1-99CA-A417BE2BA1A6}.Debug|x86.ActiveCfg = Debug|Any CPU
		{71E9F5FC-2571-49B1-99CA-A417BE2BA1A6}.Debug|x86.Build.0 = Debug|Any CPU
		{71E9F5FC-2571-49B1-99CA-A417BE2BA1A6}.Release|Any CPU.ActiveCfg = Release|Any CPU
		{71E9F5FC-2571-49B1-99CA-A417BE2BA1A6}.Release|Any CPU.Build.0 = Release|Any CPU
		{71E9F5FC-2571-49B1-99CA-A417BE2BA1A6}.Release|x64.ActiveCfg = Release|Any CPU
		{71E9F5FC-2571-49B1-99CA-A417BE2BA1A6}.Release|x64.Build.0 = Release|Any CPU
		{71E9F5FC-2571-49B1-99CA-A417BE2BA1A6}.Release|x86.ActiveCfg = Release|Any CPU
		{71E9F5FC-2571-49B1-99CA-A417BE2BA1A6}.Release|x86.Build.0 = Release|Any CPU
		{A4DD257E-82BC-43B8-B42D-A6F75A216D57}.Debug|Any CPU.ActiveCfg = Debug|Any CPU
		{A4DD257E-82BC-43B8-B42D-A6F75A216D57}.Debug|Any CPU.Build.0 = Debug|Any CPU
		{A4DD257E-82BC-43B8-B42D-A6F75A216D57}.Debug|x64.ActiveCfg = Debug|Any CPU
		{A4DD257E-82BC-43B8-B42D-A6F75A216D57}.Debug|x64.Build.0 = Debug|Any CPU
		{A4DD257E-82BC-43B8-B42D-A6F75A216D57}.Debug|x86.ActiveCfg = Debug|Any CPU
		{A4DD257E-82BC-43B8-B42D-A6F75A216D57}.Debug|x86.Build.0 = Debug|Any CPU
		{A4DD257E-82BC-43B8-B42D-A6F75A216D57}.Release|Any CPU.ActiveCfg = Release|Any CPU
		{A4DD257E-82BC-43B8-B42D-A6F75A216D57}.Release|Any CPU.Build.0 = Release|Any CPU
		{A4DD257E-82BC-43B8-B42D-A6F75A216D57}.Release|x64.ActiveCfg = Release|Any CPU
		{A4DD257E-82BC-43B8-B42D-A6F75A216D57}.Release|x64.Build.0 = Release|Any CPU
		{A4DD257E-82BC-43B8-B42D-A6F75A216D57}.Release|x86.ActiveCfg = Release|Any CPU
		{A4DD257E-82BC-43B8-B42D-A6F75A216D57}.Release|x86.Build.0 = Release|Any CPU
		{C8773504-7439-4C5B-8F98-DC9275371349}.Debug|Any CPU.ActiveCfg = Debug|Any CPU
		{C8773504-7439-4C5B-8F98-DC9275371349}.Debug|Any CPU.Build.0 = Debug|Any CPU
		{C8773504-7439-4C5B-8F98-DC9275371349}.Debug|x64.ActiveCfg = Debug|Any CPU
		{C8773504-7439-4C5B-8F98-DC9275371349}.Debug|x64.Build.0 = Debug|Any CPU
		{C8773504-7439-4C5B-8F98-DC9275371349}.Debug|x86.ActiveCfg = Debug|Any CPU
		{C8773504-7439-4C5B-8F98-DC9275371349}.Debug|x86.Build.0 = Debug|Any CPU
		{C8773504-7439-4C5B-8F98-DC9275371349}.Release|Any CPU.ActiveCfg = Release|Any CPU
		{C8773504-7439-4C5B-8F98-DC9275371349}.Release|Any CPU.Build.0 = Release|Any CPU
		{C8773504-7439-4C5B-8F98-DC9275371349}.Release|x64.ActiveCfg = Release|Any CPU
		{C8773504-7439-4C5B-8F98-DC9275371349}.Release|x64.Build.0 = Release|Any CPU
		{C8773504-7439-4C5B-8F98-DC9275371349}.Release|x86.ActiveCfg = Release|Any CPU
		{C8773504-7439-4C5B-8F98-DC9275371349}.Release|x86.Build.0 = Release|Any CPU
		{A7CDB75E-6754-4CCA-8828-F47053891F13}.Debug|Any CPU.ActiveCfg = Debug|Any CPU
		{A7CDB75E-6754-4CCA-8828-F47053891F13}.Debug|Any CPU.Build.0 = Debug|Any CPU
		{A7CDB75E-6754-4CCA-8828-F47053891F13}.Debug|x64.ActiveCfg = Debug|Any CPU
		{A7CDB75E-6754-4CCA-8828-F47053891F13}.Debug|x64.Build.0 = Debug|Any CPU
		{A7CDB75E-6754-4CCA-8828-F47053891F13}.Debug|x86.ActiveCfg = Debug|Any CPU
		{A7CDB75E-6754-4CCA-8828-F47053891F13}.Debug|x86.Build.0 = Debug|Any CPU
		{A7CDB75E-6754-4CCA-8828-F47053891F13}.Release|Any CPU.ActiveCfg = Release|Any CPU
		{A7CDB75E-6754-4CCA-8828-F47053891F13}.Release|Any CPU.Build.0 = Release|Any CPU
		{A7CDB75E-6754-4CCA-8828-F47053891F13}.Release|x64.ActiveCfg = Release|Any CPU
		{A7CDB75E-6754-4CCA-8828-F47053891F13}.Release|x64.Build.0 = Release|Any CPU
		{A7CDB75E-6754-4CCA-8828-F47053891F13}.Release|x86.ActiveCfg = Release|Any CPU
		{A7CDB75E-6754-4CCA-8828-F47053891F13}.Release|x86.Build.0 = Release|Any CPU
		{32DB2BCC-97D9-44DE-8540-6707D3AF6D40}.Debug|Any CPU.ActiveCfg = Debug|Any CPU
		{32DB2BCC-97D9-44DE-8540-6707D3AF6D40}.Debug|Any CPU.Build.0 = Debug|Any CPU
		{32DB2BCC-97D9-44DE-8540-6707D3AF6D40}.Debug|x64.ActiveCfg = Debug|Any CPU
		{32DB2BCC-97D9-44DE-8540-6707D3AF6D40}.Debug|x64.Build.0 = Debug|Any CPU
		{32DB2BCC-97D9-44DE-8540-6707D3AF6D40}.Debug|x86.ActiveCfg = Debug|Any CPU
		{32DB2BCC-97D9-44DE-8540-6707D3AF6D40}.Debug|x86.Build.0 = Debug|Any CPU
		{32DB2BCC-97D9-44DE-8540-6707D3AF6D40}.Release|Any CPU.ActiveCfg = Release|Any CPU
		{32DB2BCC-97D9-44DE-8540-6707D3AF6D40}.Release|Any CPU.Build.0 = Release|Any CPU
		{32DB2BCC-97D9-44DE-8540-6707D3AF6D40}.Release|x64.ActiveCfg = Release|Any CPU
		{32DB2BCC-97D9-44DE-8540-6707D3AF6D40}.Release|x64.Build.0 = Release|Any CPU
		{32DB2BCC-97D9-44DE-8540-6707D3AF6D40}.Release|x86.ActiveCfg = Release|Any CPU
		{32DB2BCC-97D9-44DE-8540-6707D3AF6D40}.Release|x86.Build.0 = Release|Any CPU
		{B53E9843-D0C0-4256-BDEA-82D1F4E0A118}.Debug|Any CPU.ActiveCfg = Debug|Any CPU
		{B53E9843-D0C0-4256-BDEA-82D1F4E0A118}.Debug|Any CPU.Build.0 = Debug|Any CPU
		{B53E9843-D0C0-4256-BDEA-82D1F4E0A118}.Debug|x64.ActiveCfg = Debug|Any CPU
		{B53E9843-D0C0-4256-BDEA-82D1F4E0A118}.Debug|x64.Build.0 = Debug|Any CPU
		{B53E9843-D0C0-4256-BDEA-82D1F4E0A118}.Debug|x86.ActiveCfg = Debug|Any CPU
		{B53E9843-D0C0-4256-BDEA-82D1F4E0A118}.Debug|x86.Build.0 = Debug|Any CPU
		{B53E9843-D0C0-4256-BDEA-82D1F4E0A118}.Release|Any CPU.ActiveCfg = Release|Any CPU
		{B53E9843-D0C0-4256-BDEA-82D1F4E0A118}.Release|Any CPU.Build.0 = Release|Any CPU
		{B53E9843-D0C0-4256-BDEA-82D1F4E0A118}.Release|x64.ActiveCfg = Release|Any CPU
		{B53E9843-D0C0-4256-BDEA-82D1F4E0A118}.Release|x64.Build.0 = Release|Any CPU
		{B53E9843-D0C0-4256-BDEA-82D1F4E0A118}.Release|x86.ActiveCfg = Release|Any CPU
		{B53E9843-D0C0-4256-BDEA-82D1F4E0A118}.Release|x86.Build.0 = Release|Any CPU
		{A2B7CC97-AAEE-411A-8715-B8E59FF8EC47}.Debug|Any CPU.ActiveCfg = Debug|Any CPU
		{A2B7CC97-AAEE-411A-8715-B8E59FF8EC47}.Debug|Any CPU.Build.0 = Debug|Any CPU
		{A2B7CC97-AAEE-411A-8715-B8E59FF8EC47}.Debug|x64.ActiveCfg = Debug|Any CPU
		{A2B7CC97-AAEE-411A-8715-B8E59FF8EC47}.Debug|x64.Build.0 = Debug|Any CPU
		{A2B7CC97-AAEE-411A-8715-B8E59FF8EC47}.Debug|x86.ActiveCfg = Debug|Any CPU
		{A2B7CC97-AAEE-411A-8715-B8E59FF8EC47}.Debug|x86.Build.0 = Debug|Any CPU
		{A2B7CC97-AAEE-411A-8715-B8E59FF8EC47}.Release|Any CPU.ActiveCfg = Release|Any CPU
		{A2B7CC97-AAEE-411A-8715-B8E59FF8EC47}.Release|Any CPU.Build.0 = Release|Any CPU
		{A2B7CC97-AAEE-411A-8715-B8E59FF8EC47}.Release|x64.ActiveCfg = Release|Any CPU
		{A2B7CC97-AAEE-411A-8715-B8E59FF8EC47}.Release|x64.Build.0 = Release|Any CPU
		{A2B7CC97-AAEE-411A-8715-B8E59FF8EC47}.Release|x86.ActiveCfg = Release|Any CPU
		{A2B7CC97-AAEE-411A-8715-B8E59FF8EC47}.Release|x86.Build.0 = Release|Any CPU
		{88604C13-B07E-4C8D-AD77-E8900E2A0F3D}.Debug|Any CPU.ActiveCfg = Debug|Any CPU
		{88604C13-B07E-4C8D-AD77-E8900E2A0F3D}.Debug|Any CPU.Build.0 = Debug|Any CPU
		{88604C13-B07E-4C8D-AD77-E8900E2A0F3D}.Debug|x64.ActiveCfg = Debug|Any CPU
		{88604C13-B07E-4C8D-AD77-E8900E2A0F3D}.Debug|x64.Build.0 = Debug|Any CPU
		{88604C13-B07E-4C8D-AD77-E8900E2A0F3D}.Debug|x86.ActiveCfg = Debug|Any CPU
		{88604C13-B07E-4C8D-AD77-E8900E2A0F3D}.Debug|x86.Build.0 = Debug|Any CPU
		{88604C13-B07E-4C8D-AD77-E8900E2A0F3D}.Release|Any CPU.ActiveCfg = Release|Any CPU
		{88604C13-B07E-4C8D-AD77-E8900E2A0F3D}.Release|Any CPU.Build.0 = Release|Any CPU
		{88604C13-B07E-4C8D-AD77-E8900E2A0F3D}.Release|x64.ActiveCfg = Release|Any CPU
		{88604C13-B07E-4C8D-AD77-E8900E2A0F3D}.Release|x64.Build.0 = Release|Any CPU
		{88604C13-B07E-4C8D-AD77-E8900E2A0F3D}.Release|x86.ActiveCfg = Release|Any CPU
		{88604C13-B07E-4C8D-AD77-E8900E2A0F3D}.Release|x86.Build.0 = Release|Any CPU
		{4F1994B7-AC78-4062-809C-F0B50104C8BD}.Debug|Any CPU.ActiveCfg = Debug|Any CPU
		{4F1994B7-AC78-4062-809C-F0B50104C8BD}.Debug|Any CPU.Build.0 = Debug|Any CPU
		{4F1994B7-AC78-4062-809C-F0B50104C8BD}.Debug|x64.ActiveCfg = Debug|Any CPU
		{4F1994B7-AC78-4062-809C-F0B50104C8BD}.Debug|x64.Build.0 = Debug|Any CPU
		{4F1994B7-AC78-4062-809C-F0B50104C8BD}.Debug|x86.ActiveCfg = Debug|Any CPU
		{4F1994B7-AC78-4062-809C-F0B50104C8BD}.Debug|x86.Build.0 = Debug|Any CPU
		{4F1994B7-AC78-4062-809C-F0B50104C8BD}.Release|Any CPU.ActiveCfg = Release|Any CPU
		{4F1994B7-AC78-4062-809C-F0B50104C8BD}.Release|Any CPU.Build.0 = Release|Any CPU
		{4F1994B7-AC78-4062-809C-F0B50104C8BD}.Release|x64.ActiveCfg = Release|Any CPU
		{4F1994B7-AC78-4062-809C-F0B50104C8BD}.Release|x64.Build.0 = Release|Any CPU
		{4F1994B7-AC78-4062-809C-F0B50104C8BD}.Release|x86.ActiveCfg = Release|Any CPU
		{4F1994B7-AC78-4062-809C-F0B50104C8BD}.Release|x86.Build.0 = Release|Any CPU
		{9DEDFE6F-8A1E-4C40-9893-1C24D887CB34}.Debug|Any CPU.ActiveCfg = Debug|Any CPU
		{9DEDFE6F-8A1E-4C40-9893-1C24D887CB34}.Debug|Any CPU.Build.0 = Debug|Any CPU
		{9DEDFE6F-8A1E-4C40-9893-1C24D887CB34}.Debug|x64.ActiveCfg = Debug|Any CPU
		{9DEDFE6F-8A1E-4C40-9893-1C24D887CB34}.Debug|x64.Build.0 = Debug|Any CPU
		{9DEDFE6F-8A1E-4C40-9893-1C24D887CB34}.Debug|x86.ActiveCfg = Debug|Any CPU
		{9DEDFE6F-8A1E-4C40-9893-1C24D887CB34}.Debug|x86.Build.0 = Debug|Any CPU
		{9DEDFE6F-8A1E-4C40-9893-1C24D887CB34}.Release|Any CPU.ActiveCfg = Release|Any CPU
		{9DEDFE6F-8A1E-4C40-9893-1C24D887CB34}.Release|Any CPU.Build.0 = Release|Any CPU
		{9DEDFE6F-8A1E-4C40-9893-1C24D887CB34}.Release|x64.ActiveCfg = Release|Any CPU
		{9DEDFE6F-8A1E-4C40-9893-1C24D887CB34}.Release|x64.Build.0 = Release|Any CPU
		{9DEDFE6F-8A1E-4C40-9893-1C24D887CB34}.Release|x86.ActiveCfg = Release|Any CPU
		{9DEDFE6F-8A1E-4C40-9893-1C24D887CB34}.Release|x86.Build.0 = Release|Any CPU
		{C939F85F-FEEB-48FC-98DD-0D32F70E7BF9}.Debug|Any CPU.ActiveCfg = Debug|Any CPU
		{C939F85F-FEEB-48FC-98DD-0D32F70E7BF9}.Debug|Any CPU.Build.0 = Debug|Any CPU
		{C939F85F-FEEB-48FC-98DD-0D32F70E7BF9}.Debug|x64.ActiveCfg = Debug|Any CPU
		{C939F85F-FEEB-48FC-98DD-0D32F70E7BF9}.Debug|x64.Build.0 = Debug|Any CPU
		{C939F85F-FEEB-48FC-98DD-0D32F70E7BF9}.Debug|x86.ActiveCfg = Debug|Any CPU
		{C939F85F-FEEB-48FC-98DD-0D32F70E7BF9}.Debug|x86.Build.0 = Debug|Any CPU
		{C939F85F-FEEB-48FC-98DD-0D32F70E7BF9}.Release|Any CPU.ActiveCfg = Release|Any CPU
		{C939F85F-FEEB-48FC-98DD-0D32F70E7BF9}.Release|Any CPU.Build.0 = Release|Any CPU
		{C939F85F-FEEB-48FC-98DD-0D32F70E7BF9}.Release|x64.ActiveCfg = Release|Any CPU
		{C939F85F-FEEB-48FC-98DD-0D32F70E7BF9}.Release|x64.Build.0 = Release|Any CPU
		{C939F85F-FEEB-48FC-98DD-0D32F70E7BF9}.Release|x86.ActiveCfg = Release|Any CPU
		{C939F85F-FEEB-48FC-98DD-0D32F70E7BF9}.Release|x86.Build.0 = Release|Any CPU
		{E787CBB2-39D5-48D0-94CF-DE74686C1632}.Debug|Any CPU.ActiveCfg = Debug|Any CPU
		{E787CBB2-39D5-48D0-94CF-DE74686C1632}.Debug|Any CPU.Build.0 = Debug|Any CPU
		{E787CBB2-39D5-48D0-94CF-DE74686C1632}.Debug|x64.ActiveCfg = Debug|Any CPU
		{E787CBB2-39D5-48D0-94CF-DE74686C1632}.Debug|x64.Build.0 = Debug|Any CPU
		{E787CBB2-39D5-48D0-94CF-DE74686C1632}.Debug|x86.ActiveCfg = Debug|Any CPU
		{E787CBB2-39D5-48D0-94CF-DE74686C1632}.Debug|x86.Build.0 = Debug|Any CPU
		{E787CBB2-39D5-48D0-94CF-DE74686C1632}.Release|Any CPU.ActiveCfg = Release|Any CPU
		{E787CBB2-39D5-48D0-94CF-DE74686C1632}.Release|Any CPU.Build.0 = Release|Any CPU
		{E787CBB2-39D5-48D0-94CF-DE74686C1632}.Release|x64.ActiveCfg = Release|Any CPU
		{E787CBB2-39D5-48D0-94CF-DE74686C1632}.Release|x64.Build.0 = Release|Any CPU
		{E787CBB2-39D5-48D0-94CF-DE74686C1632}.Release|x86.ActiveCfg = Release|Any CPU
		{E787CBB2-39D5-48D0-94CF-DE74686C1632}.Release|x86.Build.0 = Release|Any CPU
		{DD388DA8-A055-47BF-9996-5B5D6855EF94}.Debug|Any CPU.ActiveCfg = Debug|Any CPU
		{DD388DA8-A055-47BF-9996-5B5D6855EF94}.Debug|Any CPU.Build.0 = Debug|Any CPU
		{DD388DA8-A055-47BF-9996-5B5D6855EF94}.Debug|x64.ActiveCfg = Debug|Any CPU
		{DD388DA8-A055-47BF-9996-5B5D6855EF94}.Debug|x64.Build.0 = Debug|Any CPU
		{DD388DA8-A055-47BF-9996-5B5D6855EF94}.Debug|x86.ActiveCfg = Debug|Any CPU
		{DD388DA8-A055-47BF-9996-5B5D6855EF94}.Debug|x86.Build.0 = Debug|Any CPU
		{DD388DA8-A055-47BF-9996-5B5D6855EF94}.Release|Any CPU.ActiveCfg = Release|Any CPU
		{DD388DA8-A055-47BF-9996-5B5D6855EF94}.Release|Any CPU.Build.0 = Release|Any CPU
		{DD388DA8-A055-47BF-9996-5B5D6855EF94}.Release|x64.ActiveCfg = Release|Any CPU
		{DD388DA8-A055-47BF-9996-5B5D6855EF94}.Release|x64.Build.0 = Release|Any CPU
		{DD388DA8-A055-47BF-9996-5B5D6855EF94}.Release|x86.ActiveCfg = Release|Any CPU
		{DD388DA8-A055-47BF-9996-5B5D6855EF94}.Release|x86.Build.0 = Release|Any CPU
		{297DD46A-D3D9-4844-9E6B-40CDC1D68908}.Debug|Any CPU.ActiveCfg = Debug|Any CPU
		{297DD46A-D3D9-4844-9E6B-40CDC1D68908}.Debug|Any CPU.Build.0 = Debug|Any CPU
		{297DD46A-D3D9-4844-9E6B-40CDC1D68908}.Debug|x64.ActiveCfg = Debug|Any CPU
		{297DD46A-D3D9-4844-9E6B-40CDC1D68908}.Debug|x64.Build.0 = Debug|Any CPU
		{297DD46A-D3D9-4844-9E6B-40CDC1D68908}.Debug|x86.ActiveCfg = Debug|Any CPU
		{297DD46A-D3D9-4844-9E6B-40CDC1D68908}.Debug|x86.Build.0 = Debug|Any CPU
		{297DD46A-D3D9-4844-9E6B-40CDC1D68908}.Release|Any CPU.ActiveCfg = Release|Any CPU
		{297DD46A-D3D9-4844-9E6B-40CDC1D68908}.Release|Any CPU.Build.0 = Release|Any CPU
		{297DD46A-D3D9-4844-9E6B-40CDC1D68908}.Release|x64.ActiveCfg = Release|Any CPU
		{297DD46A-D3D9-4844-9E6B-40CDC1D68908}.Release|x64.Build.0 = Release|Any CPU
		{297DD46A-D3D9-4844-9E6B-40CDC1D68908}.Release|x86.ActiveCfg = Release|Any CPU
		{297DD46A-D3D9-4844-9E6B-40CDC1D68908}.Release|x86.Build.0 = Release|Any CPU
		{14273C6A-C520-4D81-8C14-84ECE04BC952}.Debug|Any CPU.ActiveCfg = Debug|Any CPU
		{14273C6A-C520-4D81-8C14-84ECE04BC952}.Debug|Any CPU.Build.0 = Debug|Any CPU
		{14273C6A-C520-4D81-8C14-84ECE04BC952}.Debug|x64.ActiveCfg = Debug|Any CPU
		{14273C6A-C520-4D81-8C14-84ECE04BC952}.Debug|x64.Build.0 = Debug|Any CPU
		{14273C6A-C520-4D81-8C14-84ECE04BC952}.Debug|x86.ActiveCfg = Debug|Any CPU
		{14273C6A-C520-4D81-8C14-84ECE04BC952}.Debug|x86.Build.0 = Debug|Any CPU
		{14273C6A-C520-4D81-8C14-84ECE04BC952}.Release|Any CPU.ActiveCfg = Release|Any CPU
		{14273C6A-C520-4D81-8C14-84ECE04BC952}.Release|Any CPU.Build.0 = Release|Any CPU
		{14273C6A-C520-4D81-8C14-84ECE04BC952}.Release|x64.ActiveCfg = Release|Any CPU
		{14273C6A-C520-4D81-8C14-84ECE04BC952}.Release|x64.Build.0 = Release|Any CPU
		{14273C6A-C520-4D81-8C14-84ECE04BC952}.Release|x86.ActiveCfg = Release|Any CPU
		{14273C6A-C520-4D81-8C14-84ECE04BC952}.Release|x86.Build.0 = Release|Any CPU
		{2C9B70E4-84A4-49A4-90DD-7920A17A14AB}.Debug|Any CPU.ActiveCfg = Debug|Any CPU
		{2C9B70E4-84A4-49A4-90DD-7920A17A14AB}.Debug|Any CPU.Build.0 = Debug|Any CPU
		{2C9B70E4-84A4-49A4-90DD-7920A17A14AB}.Debug|x64.ActiveCfg = Debug|Any CPU
		{2C9B70E4-84A4-49A4-90DD-7920A17A14AB}.Debug|x64.Build.0 = Debug|Any CPU
		{2C9B70E4-84A4-49A4-90DD-7920A17A14AB}.Debug|x86.ActiveCfg = Debug|Any CPU
		{2C9B70E4-84A4-49A4-90DD-7920A17A14AB}.Debug|x86.Build.0 = Debug|Any CPU
		{2C9B70E4-84A4-49A4-90DD-7920A17A14AB}.Release|Any CPU.ActiveCfg = Release|Any CPU
		{2C9B70E4-84A4-49A4-90DD-7920A17A14AB}.Release|Any CPU.Build.0 = Release|Any CPU
		{2C9B70E4-84A4-49A4-90DD-7920A17A14AB}.Release|x64.ActiveCfg = Release|Any CPU
		{2C9B70E4-84A4-49A4-90DD-7920A17A14AB}.Release|x64.Build.0 = Release|Any CPU
		{2C9B70E4-84A4-49A4-90DD-7920A17A14AB}.Release|x86.ActiveCfg = Release|Any CPU
		{2C9B70E4-84A4-49A4-90DD-7920A17A14AB}.Release|x86.Build.0 = Release|Any CPU
		{049A5188-BCB5-4411-85DB-39D5D7F6B430}.Debug|Any CPU.ActiveCfg = Debug|Any CPU
		{049A5188-BCB5-4411-85DB-39D5D7F6B430}.Debug|x64.ActiveCfg = Debug|Any CPU
		{049A5188-BCB5-4411-85DB-39D5D7F6B430}.Debug|x86.ActiveCfg = Debug|Any CPU
		{049A5188-BCB5-4411-85DB-39D5D7F6B430}.Release|Any CPU.ActiveCfg = Release|Any CPU
		{049A5188-BCB5-4411-85DB-39D5D7F6B430}.Release|x64.ActiveCfg = Release|Any CPU
		{049A5188-BCB5-4411-85DB-39D5D7F6B430}.Release|x86.ActiveCfg = Release|Any CPU
	EndGlobalSection
	GlobalSection(SolutionProperties) = preSolution
		HideSolutionNode = FALSE
	EndGlobalSection
	GlobalSection(NestedProjects) = preSolution
		{DD388DA8-A055-47BF-9996-5B5D6855EF94} = {827E0CD3-B72D-47B6-A68D-7590B98EB39B}
		{C8E42992-5E42-0C2B-DBFE-AA848D06431C} = {827E0CD3-B72D-47B6-A68D-7590B98EB39B}
		{297DD46A-D3D9-4844-9E6B-40CDC1D68908} = {C8E42992-5E42-0C2B-DBFE-AA848D06431C}
		{14273C6A-C520-4D81-8C14-84ECE04BC952} = {827E0CD3-B72D-47B6-A68D-7590B98EB39B}
		{2C9B70E4-84A4-49A4-90DD-7920A17A14AB} = {0AB3BF05-4346-4AA6-1389-037BE0695223}
		{BB45B5A8-6B14-5255-64D0-EA6BEE8A90C1} = {827E0CD3-B72D-47B6-A68D-7590B98EB39B}
		{3832D9BD-306D-2C2F-EDA0-F00F9729F7AA} = {BB45B5A8-6B14-5255-64D0-EA6BEE8A90C1}
		{6A06DC10-B440-A485-3289-079559CF1F59} = {3832D9BD-306D-2C2F-EDA0-F00F9729F7AA}
		{049A5188-BCB5-4411-85DB-39D5D7F6B430} = {6A06DC10-B440-A485-3289-079559CF1F59}
	EndGlobalSection
EndGlobal
