{
  "version": 2,
  "dependencies": {
    "net10.0": {
      "Refit": {
        "type": "Direct",
        "requested": "[9.0.2, )",
        "resolved": "9.0.2",
        "contentHash": "zLAfOh1iYE1bXFdnPjX5V6Nq8d4vBwxXaCovNNcAt9Fz3mfxAqHS3fckbBX4wetVgN1A6tIOzrDtPTN2c4FNrQ=="
      },
      "Spectre.Console": {
        "type": "Direct",
        "requested": "[0.49.1, )",
        "resolved": "0.49.1",
        "contentHash": "USV+pdu49OJ3nCjxNuw1K9Zw/c1HCBbwbjXZp0EOn6wM99tFdAtN34KEBZUMyRuJuXlUMDqhd8Yq9obW2MslYA=="
      },
      "Spectre.Console.Cli": {
        "type": "Direct",
        "requested": "[0.49.1, )",
        "resolved": "0.49.1",
        "contentHash": "wBZzyEbKqfPFFUPhV5E7/k4Kwy4UDO42IVzvzk0C4Pkjjw+NSd0EOBkIutYET4vJY4X81pD9ooQO9gfBGXj4+g==",
        "dependencies": {
          "Spectre.Console": "0.49.1"
        }
      },
      "System.CommandLine": {
        "type": "Direct",
        "requested": "[2.0.0-beta4.22272.1, )",
        "resolved": "2.0.0-beta4.22272.1",
        "contentHash": "1uqED/q2H0kKoLJ4+hI2iPSBSEdTuhfCYADeJrAqERmiGQ2NNacYKRNEQ+gFbU4glgVyK8rxI+ZOe1onEtr/Pg=="
      },
      "dhadgar.contracts": {
        "type": "Project"
      }
    }
  }
}