{
  "version": 2,
  "dependencies": {
    "net10.0": {
      "MassTransit": {
        "type": "Direct",
        "requested": "[8.3.6, )",
        "resolved": "8.3.6",
        "contentHash": "iQQ02dUJuWlpNai3eDN7WmnstvmB2LAD8YN1i8OFT5BaNpGYYg3v0US3S6f1Zz7us+NnGHm6csg25Ak3z0H7Xg==",
        "dependencies": {
          "MassTransit.Abstractions": "8.3.6"
        }
      },
      "MassTransit.RabbitMQ": {
        "type": "Direct",
        "requested": "[8.3.6, )",
        "resolved": "8.3.6",
        "contentHash": "gR67/f8reudNVUf0yDdUBuDLBFjDdqCSF8K3XaIlpHSRmmCUTBVPVrt0h65/Zty00okBHzcbUX32bLZeQL51sw==",
        "dependencies": {
          "MassTransit": "8.3.6",
          "RabbitMQ.Client": "7.0.0"
        }
      },
      "Microsoft.AspNetCore.OpenApi": {
        "type": "Direct",
        "requested": "[10.0.0, )",
        "resolved": "10.0.0",
        "contentHash": "0aqIF1t+sA2T62LIeMtXGSiaV7keGQaJnvwwmu+htQdjCaKYARfXAeqp4nHH9y2etpilyZ/tnQzZg4Ilmo/c4Q==",
        "dependencies": {
          "Microsoft.OpenApi": "2.0.0"
        }
      },
      "Microsoft.EntityFrameworkCore": {
        "type": "Direct",
        "requested": "[10.0.0, )",
        "resolved": "10.0.0",
        "contentHash": "hHa2amRjMyBLUH/KTML6FgIAhZ0VFYkhCKwWEax0rO6iNeM1P5MflyeQLE5dniSIOZHc3Oqyv5UIyTFO4e1Auw==",
        "dependencies": {
          "Microsoft.EntityFrameworkCore.Abstractions": "10.0.0",
          "Microsoft.EntityFrameworkCore.Analyzers": "10.0.0"
        }
      },
      "Microsoft.EntityFrameworkCore.Design": {
        "type": "Direct",
        "requested": "[10.0.0, )",
        "resolved": "10.0.0",
        "contentHash": "R7BeFniEpBrHw8kKVtWiMG4PRAwJ4K1RZoQWB32Ak8ws3uvYH98DVp9Y2UBUgbwY5lR9wPlrxp7P3GGDQ7LUSQ==",
        "dependencies": {
          "Humanizer.Core": "2.14.1",
          "Microsoft.Build.Framework": "17.14.28",
          "Microsoft.Build.Tasks.Core": "17.14.28",
          "Microsoft.Build.Utilities.Core": "17.14.28",
          "Microsoft.CodeAnalysis.CSharp": "4.14.0",
          "Microsoft.CodeAnalysis.CSharp.Workspaces": "4.14.0",
          "Microsoft.CodeAnalysis.Workspaces.MSBuild": "4.14.0",
          "Microsoft.EntityFrameworkCore.Relational": "10.0.0",
          "Microsoft.Extensions.DependencyModel": "10.0.0",
          "Mono.TextTemplating": "3.0.0",
          "Newtonsoft.Json": "13.0.3"
        }
      },
      "Npgsql.EntityFrameworkCore.PostgreSQL": {
        "type": "Direct",
        "requested": "[10.0.0, )",
        "resolved": "10.0.0",
        "contentHash": "E2+uSWxSB8LdsUVwPaqRWOcGOP92biry2JEwc0KJMdLJF+aZdczeIdEXVwEyv4nSVMQJH0o8tLhyAMiR6VF0lw==",
        "dependencies": {
          "Microsoft.EntityFrameworkCore": "[10.0.0, 11.0.0)",
          "Microsoft.EntityFrameworkCore.Relational": "[10.0.0, 11.0.0)",
          "Npgsql": "10.0.0"
        }
      },
      "Scalar.AspNetCore": {
        "type": "Direct",
        "requested": "[2.12.20, )",
        "resolved": "2.12.20",
        "contentHash": "fhyYBx30Ixq2dNBF9SzOH40G9sd97qk/4Rv8er1shpiqMCutKtcft8lxF0UO2vK2bGk56gOwtQv5oSQG053T8g=="
      },
      "Humanizer.Core": {
        "type": "Transitive",
        "resolved": "2.14.1",
        "contentHash": "lQKvtaTDOXnoVJ20ibTuSIOf2i0uO0MPbDhd1jm238I+U/2ZnRENj0cktKZhtchBMtCUSRQ5v4xBCUbKNmyVMw=="
      },
      "MassTransit.Abstractions": {
        "type": "Transitive",
        "resolved": "8.3.6",
        "contentHash": "F3R3EFPvUvpsiebnijmpvZ4IhSEcqkEJdrhlFuTOjzIUnMRYBgki/oDfFWj57Ki4b9yq0nilt4Q5bk11pC4ygg=="
      },
      "Microsoft.Build": {
        "type": "Transitive",
        "resolved": "17.7.2",
        "contentHash": "AmWnumxsMiRycFfE3kq/XnFFTAoPpCWl3UuiKQWCa5Z0+hBKVoiydzS2iXJGd3x+jry+qaTR9GzoezjV9NFT5A==",
        "dependencies": {
          "Microsoft.Build.Framework": "17.7.2",
          "Microsoft.NET.StringTools": "17.7.2",
          "System.Configuration.ConfigurationManager": "7.0.0",
          "System.Reflection.MetadataLoadContext": "7.0.0",
          "System.Security.Permissions": "7.0.0"
        }
      },
      "Microsoft.Build.Framework": {
        "type": "Transitive",
        "resolved": "17.14.28",
        "contentHash": "wRcyTzGV0LRAtFdrddtioh59Ky4/zbvyraP0cQkDzRSRkhgAQb0K88D/JNC6VHLIXanRi3mtV1jU0uQkBwmiVg=="
      },
      "Microsoft.Build.Tasks.Core": {
        "type": "Transitive",
        "resolved": "17.14.28",
        "contentHash": "jk3O0tXp9QWPXhLJ7Pl8wm/eGtGgA1++vwHGWEmnwMU6eP//ghtcCUpQh9CQMwEKGDnH0aJf285V1s8yiSlKfQ==",
        "dependencies": {
          "Microsoft.Build.Framework": "17.14.28",
          "Microsoft.Build.Utilities.Core": "17.14.28",
          "Microsoft.NET.StringTools": "17.14.28",
          "System.CodeDom": "9.0.0",
          "System.Configuration.ConfigurationManager": "9.0.0",
          "System.Formats.Nrbf": "9.0.0",
          "System.Resources.Extensions": "9.0.0",
          "System.Security.Cryptography.Pkcs": "9.0.0",
          "System.Security.Cryptography.ProtectedData": "9.0.0"
        }
      },
      "Microsoft.Build.Utilities.Core": {
        "type": "Transitive",
        "resolved": "17.14.28",
        "contentHash": "rhSdPo8QfLXXWM+rY0x0z1G4KK4ZhMoIbHROyDj8MUBFab9nvHR0NaMnjzOgXldhmD2zi2ir8d6xCatNzlhF5g==",
        "dependencies": {
          "Microsoft.Build.Framework": "17.14.28",
          "Microsoft.NET.StringTools": "17.14.28",
          "System.Configuration.ConfigurationManager": "9.0.0",
          "System.Security.Cryptography.ProtectedData": "9.0.0"
        }
      },
      "Microsoft.CodeAnalysis.Analyzers": {
        "type": "Transitive",
        "resolved": "3.11.0",
        "contentHash": "v/EW3UE8/lbEYHoC2Qq7AR/DnmvpgdtAMndfQNmpuIMx/Mto8L5JnuCfdBYtgvalQOtfNCnxFejxuRrryvUTsg=="
      },
      "Microsoft.CodeAnalysis.Common": {
        "type": "Transitive",
        "resolved": "4.14.0",
        "contentHash": "PC3tuwZYnC+idaPuoC/AZpEdwrtX7qFpmnrfQkgobGIWiYmGi5MCRtl5mx6QrfMGQpK78X2lfIEoZDLg/qnuHg==",
        "dependencies": {
          "Microsoft.CodeAnalysis.Analyzers": "3.11.0"
        }
      },
      "Microsoft.CodeAnalysis.CSharp": {
        "type": "Transitive",
        "resolved": "4.14.0",
        "contentHash": "568a6wcTivauIhbeWcCwfWwIn7UV7MeHEBvFB2uzGIpM2OhJ4eM/FZ8KS0yhPoNxnSpjGzz7x7CIjTxhslojQA==",
        "dependencies": {
          "Microsoft.CodeAnalysis.Analyzers": "3.11.0",
          "Microsoft.CodeAnalysis.Common": "[4.14.0]"
        }
      },
      "Microsoft.CodeAnalysis.CSharp.Workspaces": {
        "type": "Transitive",
        "resolved": "4.14.0",
        "contentHash": "QkgCEM4qJo6gdtblXtNgHqtykS61fxW+820hx5JN6n9DD4mQtqNB+6fPeJ3GQWg6jkkGz6oG9yZq7H3Gf0zwYw==",
        "dependencies": {
          "Humanizer.Core": "2.14.1",
          "Microsoft.CodeAnalysis.Analyzers": "3.11.0",
          "Microsoft.CodeAnalysis.CSharp": "[4.14.0]",
          "Microsoft.CodeAnalysis.Common": "[4.14.0]",
          "Microsoft.CodeAnalysis.Workspaces.Common": "[4.14.0]",
          "System.Composition": "9.0.0"
        }
      },
      "Microsoft.CodeAnalysis.Workspaces.Common": {
        "type": "Transitive",
        "resolved": "4.14.0",
        "contentHash": "wNVK9JrqjqDC/WgBUFV6henDfrW87NPfo98nzah/+M/G1D6sBOPtXwqce3UQNn+6AjTnmkHYN1WV9XmTlPemTw==",
        "dependencies": {
          "Humanizer.Core": "2.14.1",
          "Microsoft.CodeAnalysis.Analyzers": "3.11.0",
          "Microsoft.CodeAnalysis.Common": "[4.14.0]",
          "System.Composition": "9.0.0"
        }
      },
      "Microsoft.CodeAnalysis.Workspaces.MSBuild": {
        "type": "Transitive",
        "resolved": "4.14.0",
        "contentHash": "YU7Sguzm1Cuhi2U6S0DRKcVpqAdBd2QmatpyE0KqYMJogJ9E27KHOWGUzAOjsyjAM7sNaUk+a8VPz24knDseFw==",
        "dependencies": {
          "Humanizer.Core": "2.14.1",
          "Microsoft.Build": "17.7.2",
          "Microsoft.Build.Framework": "17.7.2",
          "Microsoft.Build.Tasks.Core": "17.7.2",
          "Microsoft.Build.Utilities.Core": "17.7.2",
          "Microsoft.CodeAnalysis.Analyzers": "3.11.0",
          "Microsoft.CodeAnalysis.Workspaces.Common": "[4.14.0]",
          "Newtonsoft.Json": "13.0.3",
          "System.CodeDom": "7.0.0",
          "System.Composition": "9.0.0",
          "System.Configuration.ConfigurationManager": "9.0.0",
          "System.Resources.Extensions": "9.0.0",
          "System.Security.Cryptography.Pkcs": "7.0.2",
          "System.Security.Cryptography.ProtectedData": "9.0.0",
          "System.Security.Permissions": "9.0.0",
          "System.Windows.Extensions": "9.0.0"
        }
      },
      "Microsoft.EntityFrameworkCore.Abstractions": {
        "type": "Transitive",
        "resolved": "10.0.0",
        "contentHash": "C+TT9k7f1GQ8agOfV512K9iwrzi76RXVSDiLx+iWC9pz3QhEpSF1Dyk+FpVvd8ULQ+rqymfM8KQ7g48ttQVyMg=="
      },
      "Microsoft.EntityFrameworkCore.Analyzers": {
        "type": "Transitive",
        "resolved": "10.0.0",
        "contentHash": "TxHQq0kn0tpYs2ljeRl8jtmWk720B0nteqI6mAZM77HWJpYT9Zj8SkkBBlj8K3Yeq18a6NBjz6YutE+shEk4Ag=="
      },
      "Microsoft.Extensions.AmbientMetadata.Application": {
        "type": "Transitive",
        "resolved": "10.2.0",
        "contentHash": "CNrEjaOCZ8d1HtB0mvpiX4EWxLkee2xy+CsYXxmsEYJSFgw3OmF9pIhP/tCTeYBHhpsKJj5wM63G8IBFGxAcsw=="
      },
      "Microsoft.Extensions.Compliance.Abstractions": {
        "type": "Transitive",
        "resolved": "10.2.0",
        "contentHash": "1a4xDAT6fRyP8t419q3WvWMmMslDTvI7OAZLWBhn5rysFG0bl5xFenTswd1xAbT/3u3mx4Xyb5bPx+V+18tJeQ=="
      },
      "Microsoft.Extensions.DependencyInjection.AutoActivation": {
        "type": "Transitive",
        "resolved": "10.2.0",
        "contentHash": "Z/OI261l7LnxyODKPx0trQyIHFyicCR/akfn64lGOjPcf4FpAZ7ePAGl2HPvQBUBSNfPTF0gWeCfuFmyftMgYA=="
      },
      "Microsoft.Extensions.DependencyModel": {
        "type": "Transitive",
        "resolved": "10.0.0",
        "contentHash": "RFYJR7APio/BiqdQunRq6DB+nDB6nc2qhHr77mlvZ0q0BT8PubMXN7XicmfzCbrDE/dzhBnUKBRXLTcqUiZDGg=="
      },
      "Microsoft.Extensions.Telemetry.Abstractions": {
        "type": "Transitive",
        "resolved": "10.2.0",
        "contentHash": "6V4V6NX6RLUYWwV89DeW/4zK5xOycYHWhsfMXSpKVGgMHfXcczmbk6hBeqTnRPzhpATYcOWlmA6hk1jgdxUugA==",
        "dependencies": {
          "Microsoft.Extensions.Compliance.Abstractions": "10.2.0"
        }
      },
      "Microsoft.NET.StringTools": {
        "type": "Transitive",
        "resolved": "17.14.28",
        "contentHash": "DMIeWDlxe0Wz0DIhJZ2FMoGQAN2yrGZOi5jjFhRYHWR5ONd0CS6IpAHlRnA7uA/5BF+BADvgsETxW2XrPiFc1A=="
      },
      "Mono.TextTemplating": {
        "type": "Transitive",
        "resolved": "3.0.0",
        "contentHash": "YqueG52R/Xej4VVbKuRIodjiAhV0HR/XVbLbNrJhCZnzjnSjgMJ/dCdV0akQQxavX6hp/LC6rqLGLcXeQYU7XA==",
        "dependencies": {
          "System.CodeDom": "6.0.0"
        }
      },
      "Newtonsoft.Json": {
        "type": "Transitive",
        "resolved": "13.0.3",
        "contentHash": "HrC5BXdl00IP9zeV+0Z848QWPAoCr9P3bDEZguI+gkLcBKAOxix/tLEAAHC+UvDNPv4a2d18lOReHMOagPa+zQ=="
      },
      "Npgsql": {
        "type": "Transitive",
        "resolved": "10.0.0",
        "contentHash": "xZAYhPOU2rUIFpV48xsqhCx9vXs6Y+0jX2LCoSEfDFYMw9jtAOUk3iQsCnDLrFIv9NT3JGMihn7nnuZsPKqJmA=="
      },
      "OpenTelemetry.Api.ProviderBuilderExtensions": {
        "type": "Transitive",
        "resolved": "1.14.0",
        "contentHash": "i/lxOM92v+zU5I0rGl5tXAGz6EJtxk2MvzZ0VN6F6L5pMqT6s6RCXnGWXg6fW+vtZJsllBlQaf/VLPTzgefJpg==",
        "dependencies": {
          "OpenTelemetry.Api": "1.14.0"
        }
      },
      "Pipelines.Sockets.Unofficial": {
        "type": "Transitive",
        "resolved": "2.2.8",
        "contentHash": "zG2FApP5zxSx6OcdJQLbZDk2AVlN2BNQD6MorwIfV6gVj0RRxWPEp2LXAxqDGZqeNV1Zp0BNPcNaey/GXmTdvQ=="
      },
      "RabbitMQ.Client": {
        "type": "Transitive",
        "resolved": "7.0.0",
        "contentHash": "8YJz22mOSMtkbIVuVSz2HbJwbpKwRoXQ1uqbczDUt1w1Ds8dxFs6dkV/oZ8AlTmkErZjtQelHv+oBu52ud00WA=="
      },
      "System.CodeDom": {
        "type": "Transitive",
        "resolved": "9.0.0",
        "contentHash": "oTE5IfuMoET8yaZP/vdvy9xO47guAv/rOhe4DODuFBN3ySprcQOlXqO3j+e/H/YpKKR5sglrxRaZ2HYOhNJrqA=="
      },
      "System.Composition": {
        "type": "Transitive",
        "resolved": "9.0.0",
        "contentHash": "3Djj70fFTraOarSKmRnmRy/zm4YurICm+kiCtI0dYRqGJnLX6nJ+G3WYuFJ173cAPax/gh96REcbNiVqcrypFQ==",
        "dependencies": {
          "System.Composition.AttributedModel": "9.0.0",
          "System.Composition.Convention": "9.0.0",
          "System.Composition.Hosting": "9.0.0",
          "System.Composition.Runtime": "9.0.0",
          "System.Composition.TypedParts": "9.0.0"
        }
      },
      "System.Composition.AttributedModel": {
        "type": "Transitive",
        "resolved": "9.0.0",
        "contentHash": "iri00l/zIX9g4lHMY+Nz0qV1n40+jFYAmgsaiNn16xvt2RDwlqByNG4wgblagnDYxm3YSQQ0jLlC/7Xlk9CzyA=="
      },
      "System.Composition.Convention": {
        "type": "Transitive",
        "resolved": "9.0.0",
        "contentHash": "+vuqVP6xpi582XIjJi6OCsIxuoTZfR0M7WWufk3uGDeCl3wGW6KnpylUJ3iiXdPByPE0vR5TjJgR6hDLez4FQg==",
        "dependencies": {
          "System.Composition.AttributedModel": "9.0.0"
        }
      },
      "System.Composition.Hosting": {
        "type": "Transitive",
        "resolved": "9.0.0",
        "contentHash": "OFqSeFeJYr7kHxDfaViGM1ymk7d4JxK//VSoNF9Ux0gpqkLsauDZpu89kTHHNdCWfSljbFcvAafGyBoY094btQ==",
        "dependencies": {
          "System.Composition.Runtime": "9.0.0"
        }
      },
      "System.Composition.Runtime": {
        "type": "Transitive",
        "resolved": "9.0.0",
        "contentHash": "w1HOlQY1zsOWYussjFGZCEYF2UZXgvoYnS94NIu2CBnAGMbXFAX8PY8c92KwUItPmowal68jnVLBCzdrWLeEKA=="
      },
      "System.Composition.TypedParts": {
        "type": "Transitive",
        "resolved": "9.0.0",
        "contentHash": "aRZlojCCGEHDKqh43jaDgaVpYETsgd7Nx4g1zwLKMtv4iTo0627715ajEFNpEEBTgLmvZuv8K0EVxc3sM4NWJA==",
        "dependencies": {
          "System.Composition.AttributedModel": "9.0.0",
          "System.Composition.Hosting": "9.0.0",
          "System.Composition.Runtime": "9.0.0"
        }
      },
      "System.Configuration.ConfigurationManager": {
        "type": "Transitive",
        "resolved": "9.0.0",
        "contentHash": "PdkuMrwDhXoKFo/JxISIi9E8L+QGn9Iquj2OKDWHB6Y/HnUOuBouF7uS3R4Hw3FoNmwwMo6hWgazQdyHIIs27A==",
        "dependencies": {
          "System.Security.Cryptography.ProtectedData": "9.0.0"
        }
      },
      "System.Formats.Nrbf": {
        "type": "Transitive",
        "resolved": "9.0.0",
        "contentHash": "F/6tNE+ckmdFeSQAyQo26bQOqfPFKEfZcuqnp4kBE6/7jP26diP+QTHCJJ6vpEfaY6bLy+hBLiIQUSxSmNwLkA=="
      },
      "System.Reflection.MetadataLoadContext": {
        "type": "Transitive",
        "resolved": "7.0.0",
        "contentHash": "z9PvtMJra5hK8n+g0wmPtaG7HQRZpTmIPRw5Z0LEemlcdQMHuTD5D7OAY/fZuuz1L9db++QOcDF0gJTLpbMtZQ=="
      },
      "System.Resources.Extensions": {
        "type": "Transitive",
        "resolved": "9.0.0",
        "contentHash": "tvhuT1D2OwPROdL1kRWtaTJliQo0WdyhvwDpd8RM997G7m3Hya5nhbYhNTS75x6Vu+ypSOgL5qxDCn8IROtCxw==",
        "dependencies": {
          "System.Formats.Nrbf": "9.0.0"
        }
      },
      "System.Security.Cryptography.Pkcs": {
        "type": "Transitive",
        "resolved": "9.0.0",
        "contentHash": "8tluJF8w9si+2yoHeL8rgVJS6lKvWomTDC8px65Z8MCzzdME5eaPtEQf4OfVGrAxB5fW93ncucy1+221O9EQaw=="
      },
      "System.Security.Cryptography.ProtectedData": {
        "type": "Transitive",
        "resolved": "9.0.0",
        "contentHash": "CJW+x/F6fmRQ7N6K8paasTw9PDZp4t7G76UjGNlSDgoHPF0h08vTzLYbLZpOLEJSg35d5wy2jCXGo84EN05DpQ=="
      },
      "System.Security.Permissions": {
        "type": "Transitive",
        "resolved": "9.0.0",
        "contentHash": "H2VFD4SFVxieywNxn9/epb63/IOcPPfA0WOtfkljzNfu7GCcHIBQNuwP6zGCEIi7Ci/oj8aLPUNK9sYImMFf4Q==",
        "dependencies": {
          "System.Windows.Extensions": "9.0.0"
        }
      },
      "System.Windows.Extensions": {
        "type": "Transitive",
        "resolved": "9.0.0",
        "contentHash": "U9msthvnH2Fsw7xwAvIhNHOdnIjOQTwOc8Vd0oGOsiRcGMGoBFlUD6qtYawRUoQdKH9ysxesZ9juFElt1Jw/7A=="
      },
      "dhadgar.contracts": {
        "type": "Project"
      },
      "dhadgar.messaging": {
        "type": "Project",
        "dependencies": {
          "MassTransit": "[8.3.6, )",
          "MassTransit.RabbitMQ": "[8.3.6, )"
        }
      },
      "dhadgar.servicedefaults": {
        "type": "Project",
        "dependencies": {
          "AspNetCore.HealthChecks.NpgSql": "[9.0.0, )",
          "AspNetCore.HealthChecks.Rabbitmq": "[9.0.0, )",
          "AspNetCore.HealthChecks.Redis": "[9.0.0, )",
          "Aspire.ServiceDefaults": "[13.1.0, )",
          "Dhadgar.Contracts": "[1.0.0, )",
          "Microsoft.AspNetCore.OpenApi": "[10.0.0, )",
          "Microsoft.EntityFrameworkCore": "[10.0.0, )",
          "Microsoft.EntityFrameworkCore.Relational": "[10.0.0, )",
          "Microsoft.Extensions.Compliance.Redaction": "[10.2.0, )",
          "Microsoft.Extensions.Telemetry": "[10.2.0, )",
          "Microsoft.OpenApi": "[2.3.0, )",
          "OpenTelemetry.Api": "[1.14.0, )",
          "OpenTelemetry.Exporter.OpenTelemetryProtocol": "[1.14.0, )",
          "OpenTelemetry.Extensions.Hosting": "[1.14.0, )",
          "OpenTelemetry.Instrumentation.AspNetCore": "[1.14.0, )",
          "OpenTelemetry.Instrumentation.EntityFrameworkCore": "[1.0.0-beta.12, )",
          "OpenTelemetry.Instrumentation.Http": "[1.14.0, )",
          "OpenTelemetry.Instrumentation.Process": "[1.14.0-beta.2, )",
          "OpenTelemetry.Instrumentation.Runtime": "[1.14.0, )",
          "OpenTelemetry.Instrumentation.StackExchangeRedis": "[1.0.0-rc9.14, )",
          "Scalar.AspNetCore": "[2.12.20, )"
        }
      },
      "dhadgar.shared": {
        "type": "Project",
        "dependencies": {
          "Microsoft.EntityFrameworkCore": "[10.0.0, )",
          "Microsoft.EntityFrameworkCore.Relational": "[10.0.0, )"
        }
      },
      "AspNetCore.HealthChecks.NpgSql": {
        "type": "CentralTransitive",
        "requested": "[9.0.0, )",
        "resolved": "9.0.0",
        "contentHash": "npc58/AD5zuVxERdhCl2Kb7WnL37mwX42SJcXIwvmEig0/dugOLg3SIwtfvvh3TnvTwR/sk5LYNkkPaBdks61A==",
        "dependencies": {
          "Npgsql": "8.0.3"
        }
      },
      "AspNetCore.HealthChecks.Rabbitmq": {
        "type": "CentralTransitive",
        "requested": "[9.0.0, )",
        "resolved": "9.0.0",
        "contentHash": "7WSQ7EwioA5niakzzLtGVcZMEOh+42fSwrI24vnNsT7gZuVGOViNekyz38G6wBPYKcpL/lUkMdg3ZaCiZTi/Dw==",
        "dependencies": {
          "RabbitMQ.Client": "7.0.0"
        }
      },
      "AspNetCore.HealthChecks.Redis": {
        "type": "CentralTransitive",
        "requested": "[9.0.0, )",
        "resolved": "9.0.0",
        "contentHash": "yNH0h8GLRbAf+PU5HNVLZ5hNeyq9mDVmRKO9xuZsme/znUYoBJlQvI0gq45gaZNlLncCHkMhR4o90MuT+gxxPw==",
        "dependencies": {
          "StackExchange.Redis": "2.7.4"
        }
      },
      "Microsoft.EntityFrameworkCore.Relational": {
        "type": "CentralTransitive",
        "requested": "[10.0.0, )",
        "resolved": "10.0.0",
        "contentHash": "A3MX1ee7RDxWCUdx/KqP+74fbksz0UIhkVZh56YHvbPkEKsffCXgHU3LGkRDwqR/MrBNWLCWC/IVX79tzM30ZA==",
        "dependencies": {
          "Microsoft.EntityFrameworkCore": "10.0.0"
        }
      },
      "Microsoft.Extensions.Compliance.Redaction": {
        "type": "CentralTransitive",
        "requested": "[10.2.0, )",
        "resolved": "10.2.0",
        "contentHash": "bDFdqCJZqFwksjNkS1xLPsHVidR0Z33RdE2tB1TtI2kSudy3Xb/Yf1GU9h7HbQhfD1PSErX2DNlBObPTZuHFqA==",
        "dependencies": {
          "Microsoft.Extensions.Compliance.Abstractions": "10.2.0"
        }
      },
      "Microsoft.Extensions.Telemetry": {
        "type": "CentralTransitive",
        "requested": "[10.2.0, )",
        "resolved": "10.2.0",
        "contentHash": "ssW5gosYlewNH/ISTyaLD/XfJT4GSjwShOUKv61fpXrqVmHkhuIA/5bBAGStM1XbzJjt9IG2vzfdHTu4zlX9Ew==",
        "dependencies": {
          "Microsoft.Extensions.AmbientMetadata.Application": "10.2.0",
          "Microsoft.Extensions.DependencyInjection.AutoActivation": "10.2.0",
          "Microsoft.Extensions.Telemetry.Abstractions": "10.2.0"
        }
      },
      "Microsoft.OpenApi": {
        "type": "CentralTransitive",
        "requested": "[2.3.0, )",
        "resolved": "2.3.0",
        "contentHash": "5RZpjyt0JMmoc/aEgY9c1vE5pusdDGvkPl9qKIy9KFbRiIXD+w7gBJxX+unSjzzOcfgRoYxnO4okZyqDAL2WEw=="
      },
      "OpenTelemetry": {
        "type": "CentralTransitive",
        "requested": "[1.14.0, )",
        "resolved": "1.14.0",
        "contentHash": "aiPBAr1+0dPDItH++MQQr5UgMf4xiybruzNlAoYYMYN3UUk+mGRcoKuZy4Z4rhhWUZIpK2Xhe7wUUXSTM32duQ==",
        "dependencies": {
          "OpenTelemetry.Api.ProviderBuilderExtensions": "1.14.0"
        }
      },
      "OpenTelemetry.Api": {
        "type": "CentralTransitive",
        "requested": "[1.14.0, )",
        "resolved": "1.14.0",
        "contentHash": "foHci6viUw1f3gUB8qzz3Rk02xZIWMo299X0rxK0MoOWok/3dUVru+KKdY7WIoSHwRGpxGKkmAz9jIk2RFNbsQ=="
      },
      "OpenTelemetry.Exporter.OpenTelemetryProtocol": {
        "type": "CentralTransitive",
        "requested": "[1.14.0, )",
        "resolved": "1.14.0",
        "contentHash": "7ELExeje+T/KOywHuHwZBGQNtYlepUaYRFXWgoEaT1iKpFJVwOlE1Y2+uqHI2QQmah0Ue+XgRmDy924vWHfJ6Q==",
        "dependencies": {
          "OpenTelemetry": "1.14.0"
        }
      },
      "OpenTelemetry.Extensions.Hosting": {
        "type": "CentralTransitive",
        "requested": "[1.14.0, )",
        "resolved": "1.14.0",
        "contentHash": "ZAxkCIa3Q3YWZ1sGrolXfkhPqn2PFSz2Cel74em/fATZgY5ixlw6MQp2icmqKCz4C7M1W2G0b92K3rX8mOtFRg==",
        "dependencies": {
          "OpenTelemetry": "1.14.0"
        }
      },
      "OpenTelemetry.Instrumentation.AspNetCore": {
        "type": "CentralTransitive",
        "requested": "[1.14.0, )",
        "resolved": "1.14.0",
        "contentHash": "NQAQpFa3a4ofPUYwxcwtNPGpuRNwwx1HM7MnLEESYjYkhfhER+PqqGywW65rWd7bJEc1/IaL+xbmHH99pYDE0A==",
        "dependencies": {
          "OpenTelemetry.Api.ProviderBuilderExtensions": "[1.14.0, 2.0.0)"
        }
      },
      "OpenTelemetry.Instrumentation.EntityFrameworkCore": {
        "type": "CentralTransitive",
        "requested": "[1.0.0-beta.12, )",
        "resolved": "1.0.0-beta.12",
        "contentHash": "L/wZDi3MXyL2OsaxykjNovTgNhGq0kVtWNcCoqzOctxYMnCUGAQHYA9XwZGpad1vnnFxHOcN3oW4qFAQuYpKUA==",
        "dependencies": {
          "OpenTelemetry.Api.ProviderBuilderExtensions": "[1.9.0, 2.0.0)"
        }
      },
      "OpenTelemetry.Instrumentation.Http": {
        "type": "CentralTransitive",
        "requested": "[1.14.0, )",
        "resolved": "1.14.0",
        "contentHash": "uH8X1fYnywrgaUrSbemKvFiFkBwY7ZbBU7Wh4A/ORQmdpF3G/5STidY4PlK4xYuIv9KkdMXH/vkpvzQcayW70g==",
        "dependencies": {
          "OpenTelemetry.Api.ProviderBuilderExtensions": "[1.14.0, 2.0.0)"
        }
      },
      "OpenTelemetry.Instrumentation.Process": {
        "type": "CentralTransitive",
        "requested": "[1.14.0-beta.2, )",
        "resolved": "1.14.0-beta.2",
        "contentHash": "a3wmmz3Vrby0BIiHxIJifTQqtKREoWKg4yd+tFgi2aiTJ5oq2uYRRL70EuMYCGQHhGFeT2YSN+jonD1U81XoSA==",
        "dependencies": {
          "OpenTelemetry.Api": "[1.14.0, 2.0.0)"
        }
      },
      "OpenTelemetry.Instrumentation.Runtime": {
        "type": "CentralTransitive",
        "requested": "[1.14.0, )",
        "resolved": "1.14.0",
        "contentHash": "Z6o4JDOQaKv6bInAYZxuyxxfMKr6hFpwLnKEgQ+q+oBNA9Fm1sysjFCOzRzk7U0WD86LsRPXX+chv1vJIg7cfg==",
        "dependencies": {
          "OpenTelemetry.Api": "[1.14.0, 2.0.0)"
        }
      },
      "OpenTelemetry.Instrumentation.StackExchangeRedis": {
        "type": "CentralTransitive",
        "requested": "[1.0.0-rc9.14, )",
        "resolved": "1.0.0-rc9.14",
        "contentHash": "UIDA/xCo+Op0V+96qnMz9COGELsMAA1oXh1C7fSHDJa/SUU5I0gJven/btSz6fOvYcHIORhGd7pLM7xb8nI4xg==",
        "dependencies": {
          "OpenTelemetry.Api.ProviderBuilderExtensions": "[1.8.0, 2.0.0)",
          "StackExchange.Redis": "[2.1.58, 3.0.0)"
        }
      },
      "StackExchange.Redis": {
        "type": "CentralTransitive",
        "requested": "[2.7.27, )",
        "resolved": "2.7.4",
        "contentHash": "lD6a0lGOCyV9iuvObnzStL74EDWAyK31w6lS+Md9gIz1eP4U6KChDIflzTdtrktxlvVkeOvPtkaYOcm4qjbHSw==",
        "dependencies": {
          "Pipelines.Sockets.Unofficial": "2.2.8"
        }
      }
    }
  }
}